{
  "version": 4,
  "terraform_version": "1.14.3",
  "serial": 37,
  "lineage": "ddf36577-b1c0-dc3e-e20e-65c5d8d80fed",
  "outputs": {},
  "resources": [
    {
      "module": "module.oidc_apps[\"service123\"]",
      "mode": "managed",
      "type": "okta_app_oauth",
      "name": "this",
      "provider": "provider[\"registry.terraform.io/okta/okta\"]",
      "instances": [
        {
          "schema_version": 0,
          "attributes": {
            "accessibility_error_redirect_url": "",
            "accessibility_login_redirect_url": "",
            "accessibility_self_service": false,
            "admin_note": "",
            "app_links_json": null,
            "app_settings_json": "{\"app\":{},\"manualProvisioning\":false}",
            "authentication_policy": null,
            "auto_key_rotation": true,
            "auto_submit_toolbar": false,
            "client_basic_secret": null,
            "client_id": "0oaz178dslSas7v2p697",
            "client_secret": "M4tEaxJGwGgPmva8-JZKS-mgRSicY-kDvc04uEXwmOoi0hLV5jjdwzzrDF0P-2bT",
            "client_uri": "",
            "consent_method": "REQUIRED",
            "enduser_note": "",
            "frontchannel_logout_session_required": false,
            "frontchannel_logout_uri": "",
            "grant_types": [
              "client_credentials"
            ],
            "groups_claim": [],
            "hide_ios": true,
            "hide_web": true,
            "id": "0oaz178dslSas7v2p697",
            "implicit_assignment": false,
            "issuer_mode": "DYNAMIC",
            "jwks": [],
            "jwks_uri": "",
            "label": "service123",
            "login_mode": "DISABLED",
            "login_scopes": [],
            "login_uri": "",
            "logo": null,
            "logo_uri": "",
            "logo_url": "",
            "name": "oidc_client",
            "omit_secret": false,
            "participate_slo": false,
            "pkce_required": false,
            "policy_uri": "",
            "post_logout_redirect_uris": [],
            "profile": "",
            "redirect_uris": [],
            "refresh_token_leeway": 0,
            "refresh_token_rotation": "STATIC",
            "response_types": [],
            "sign_on_mode": "OPENID_CONNECT",
            "status": "ACTIVE",
            "timeouts": null,
            "token_endpoint_auth_method": "client_secret_basic",
            "tos_uri": "",
            "type": "service",
            "user_name_template": "${source.login}",
            "user_name_template_push_status": "",
            "user_name_template_suffix": "",
            "user_name_template_type": "BUILT_IN",
            "wildcard_redirect": "DISABLED"
          },
          "sensitive_attributes": [
            [
              {
                "type": "get_attr",
                "value": "client_basic_secret"
              }
            ],
            [
              {
                "type": "get_attr",
                "value": "client_secret"
              }
            ]
          ],
          "identity_schema_version": 0,
          "private": "eyJlMmJmYjczMC1lY2FhLTExZTYtOGY4OC0zNDM2M2JjN2M0YzAiOnsiY3JlYXRlIjozNjAwMDAwMDAwMDAwLCJyZWFkIjozNjAwMDAwMDAwMDAwLCJ1cGRhdGUiOjM2MDAwMDAwMDAwMDB9fQ=="
        }
      ]
    },
    {
      "module": "module.oidc_apps[\"service123\"]",
      "mode": "managed",
      "type": "okta_auth_server",
      "name": "per_app",
      "provider": "provider[\"registry.terraform.io/okta/okta\"]",
      "instances": [
        {
          "schema_version": 0,
          "attributes": {
            "audiences": [
              "api://service123"
            ],
            "credentials_last_rotated": "2026-01-11 16:34:49 +0000 UTC",
            "credentials_next_rotation": "2026-04-11 16:34:49 +0000 UTC",
            "credentials_rotation_mode": "AUTO",
            "description": "Authorization server for service123",
            "id": "ausz30zqu1U1JYFUd697",
            "issuer": "https://demo-dev-env.okta.com/oauth2/ausz30zqu1U1JYFUd697",
            "issuer_mode": "ORG_URL",
            "kid": "rT_-9XPMMtUKC6YM_FYY5k8TaajL5hhwiKHNYHZ7KcU",
            "name": "service123-auth-server",
            "status": "ACTIVE"
          },
          "sensitive_attributes": [],
          "identity_schema_version": 0,
          "private": "bnVsbA=="
        }
      ]
    },
    {
      "module": "module.oidc_apps[\"service123\"]",
      "mode": "managed",
      "type": "okta_auth_server_policy",
      "name": "per_app",
      "provider": "provider[\"registry.terraform.io/okta/okta\"]",
      "instances": [
        {
          "schema_version": 0,
          "attributes": {
            "auth_server_id": "ausz30zqu1U1JYFUd697",
            "client_whitelist": [
              "0oaz178dslSas7v2p697"
            ],
            "description": "Access policy for service123",
            "id": "00pz312348Pkh3pSq697",
            "name": "service123-policy",
            "priority": 1,
            "status": "ACTIVE"
          },
          "sensitive_attributes": [],
          "identity_schema_version": 0,
          "private": "bnVsbA==",
          "dependencies": [
            "module.oidc_apps.okta_app_oauth.this",
            "module.oidc_apps.okta_auth_server.per_app"
          ]
        }
      ]
    },
    {
      "module": "module.oidc_apps[\"service123\"]",
      "mode": "managed",
      "type": "okta_auth_server_policy_rule",
      "name": "per_rule",
      "provider": "provider[\"registry.terraform.io/okta/okta\"]",
      "instances": [
        {
          "schema_version": 0,
          "attributes": {
            "access_token_lifetime_minutes": 60,
            "auth_server_id": "ausz30zqu1U1JYFUd697",
            "grant_type_whitelist": [
              "client_credentials"
            ],
            "group_blacklist": [],
            "group_whitelist": [],
            "id": "0prz30yibf6UrYIM1697",
            "inline_hook_id": null,
            "name": "service123-rule",
            "policy_id": "00pz312348Pkh3pSq697",
            "priority": 1,
            "refresh_token_lifetime_minutes": 0,
            "refresh_token_window_minutes": 10080,
            "scope_whitelist": [
              "*"
            ],
            "status": "ACTIVE",
            "system": false,
            "type": "RESOURCE_ACCESS",
            "user_blacklist": [],
            "user_whitelist": []
          },
          "sensitive_attributes": [],
          "identity_schema_version": 0,
          "private": "bnVsbA==",
          "dependencies": [
            "module.oidc_apps.okta_app_oauth.this",
            "module.oidc_apps.okta_auth_server.per_app",
            "module.oidc_apps.okta_auth_server_policy.per_app"
          ]
        }
      ]
    },
    {
      "module": "module.oidc_apps[\"service456\"]",
      "mode": "managed",
      "type": "okta_app_oauth",
      "name": "this",
      "provider": "provider[\"registry.terraform.io/okta/okta\"]",
      "instances": [
        {
          "schema_version": 0,
          "attributes": {
            "accessibility_error_redirect_url": "",
            "accessibility_login_redirect_url": "",
            "accessibility_self_service": false,
            "admin_note": "",
            "app_links_json": null,
            "app_settings_json": "{\"app\":{},\"manualProvisioning\":false}",
            "authentication_policy": null,
            "auto_key_rotation": true,
            "auto_submit_toolbar": false,
            "client_basic_secret": null,
            "client_id": "0oaz175mcurHrmA2Q697",
            "client_secret": "eSIAVQLM30OL601u7ca34pVILhxDaUEjHRHK_rX4Fynqu7f4L82k6Zzf-yb-_HXy",
            "client_uri": "",
            "consent_method": "REQUIRED",
            "enduser_note": "",
            "frontchannel_logout_session_required": false,
            "frontchannel_logout_uri": "",
            "grant_types": [
              "client_credentials"
            ],
            "groups_claim": [],
            "hide_ios": true,
            "hide_web": true,
            "id": "0oaz175mcurHrmA2Q697",
            "implicit_assignment": false,
            "issuer_mode": "DYNAMIC",
            "jwks": [],
            "jwks_uri": "",
            "label": "service456",
            "login_mode": "DISABLED",
            "login_scopes": [],
            "login_uri": "",
            "logo": null,
            "logo_uri": "",
            "logo_url": "",
            "name": "oidc_client",
            "omit_secret": false,
            "participate_slo": false,
            "pkce_required": false,
            "policy_uri": "",
            "post_logout_redirect_uris": [],
            "profile": "",
            "redirect_uris": [],
            "refresh_token_leeway": 0,
            "refresh_token_rotation": "STATIC",
            "response_types": [],
            "sign_on_mode": "OPENID_CONNECT",
            "status": "ACTIVE",
            "timeouts": null,
            "token_endpoint_auth_method": "client_secret_basic",
            "tos_uri": "",
            "type": "service",
            "user_name_template": "${source.login}",
            "user_name_template_push_status": "",
            "user_name_template_suffix": "",
            "user_name_template_type": "BUILT_IN",
            "wildcard_redirect": "DISABLED"
          },
          "sensitive_attributes": [
            [
              {
                "type": "get_attr",
                "value": "client_basic_secret"
              }
            ],
            [
              {
                "type": "get_attr",
                "value": "client_secret"
              }
            ]
          ],
          "identity_schema_version": 0,
          "private": "eyJlMmJmYjczMC1lY2FhLTExZTYtOGY4OC0zNDM2M2JjN2M0YzAiOnsiY3JlYXRlIjozNjAwMDAwMDAwMDAwLCJyZWFkIjozNjAwMDAwMDAwMDAwLCJ1cGRhdGUiOjM2MDAwMDAwMDAwMDB9fQ=="
        }
      ]
    },
    {
      "module": "module.oidc_apps[\"service456\"]",
      "mode": "managed",
      "type": "okta_auth_server",
      "name": "per_app",
      "provider": "provider[\"registry.terraform.io/okta/okta\"]",
      "instances": [
        {
          "schema_version": 0,
          "attributes": {
            "audiences": [
              "api://service456"
            ],
            "credentials_last_rotated": "2026-01-11 16:34:49 +0000 UTC",
            "credentials_next_rotation": "2026-04-11 16:34:49 +0000 UTC",
            "credentials_rotation_mode": "AUTO",
            "description": "Authorization server for service456",
            "id": "ausz30yyjx1OZmqGn697",
            "issuer": "https://demo-dev-env.okta.com/oauth2/ausz30yyjx1OZmqGn697",
            "issuer_mode": "ORG_URL",
            "kid": "jIGpFM2ReQs-QsaAJxijP-Y2U183vtIlsifLCEkhlzc",
            "name": "service456-auth-server",
            "status": "ACTIVE"
          },
          "sensitive_attributes": [],
          "identity_schema_version": 0,
          "private": "bnVsbA=="
        }
      ]
    },
    {
      "module": "module.oidc_apps[\"service456\"]",
      "mode": "managed",
      "type": "okta_auth_server_policy",
      "name": "per_app",
      "provider": "provider[\"registry.terraform.io/okta/okta\"]",
      "instances": [
        {
          "schema_version": 0,
          "attributes": {
            "auth_server_id": "ausz30yyjx1OZmqGn697",
            "client_whitelist": [
              "0oaz175mcurHrmA2Q697"
            ],
            "description": "Access policy for service456",
            "id": "00pz30yjoi7txrHgI697",
            "name": "service456-policy",
            "priority": 1,
            "status": "ACTIVE"
          },
          "sensitive_attributes": [],
          "identity_schema_version": 0,
          "private": "bnVsbA==",
          "dependencies": [
            "module.oidc_apps.okta_app_oauth.this",
            "module.oidc_apps.okta_auth_server.per_app"
          ]
        }
      ]
    },
    {
      "module": "module.oidc_apps[\"service456\"]",
      "mode": "managed",
      "type": "okta_auth_server_policy_rule",
      "name": "per_rule",
      "provider": "provider[\"registry.terraform.io/okta/okta\"]",
      "instances": [
        {
          "schema_version": 0,
          "attributes": {
            "access_token_lifetime_minutes": 60,
            "auth_server_id": "ausz30yyjx1OZmqGn697",
            "grant_type_whitelist": [
              "client_credentials"
            ],
            "group_blacklist": [],
            "group_whitelist": [],
            "id": "0prz310chujqjDRmh697",
            "inline_hook_id": null,
            "name": "service456-rule",
            "policy_id": "00pz30yjoi7txrHgI697",
            "priority": 1,
            "refresh_token_lifetime_minutes": 0,
            "refresh_token_window_minutes": 10080,
            "scope_whitelist": [
              "*"
            ],
            "status": "ACTIVE",
            "system": false,
            "type": "RESOURCE_ACCESS",
            "user_blacklist": [],
            "user_whitelist": []
          },
          "sensitive_attributes": [],
          "identity_schema_version": 0,
          "private": "bnVsbA==",
          "dependencies": [
            "module.oidc_apps.okta_app_oauth.this",
            "module.oidc_apps.okta_auth_server.per_app",
            "module.oidc_apps.okta_auth_server_policy.per_app"
          ]
        }
      ]
    },
    {
      "module": "module.oidc_apps[\"webapp123\"]",
      "mode": "managed",
      "type": "okta_app_oauth",
      "name": "this",
      "provider": "provider[\"registry.terraform.io/okta/okta\"]",
      "instances": [
        {
          "schema_version": 0,
          "attributes": {
            "accessibility_error_redirect_url": "",
            "accessibility_login_redirect_url": "",
            "accessibility_self_service": false,
            "admin_note": "",
            "app_links_json": null,
            "app_settings_json": "{\"app\":{},\"manualProvisioning\":false}",
            "authentication_policy": null,
            "auto_key_rotation": true,
            "auto_submit_toolbar": false,
            "client_basic_secret": null,
            "client_id": "0oaz17788uBNNNRMB697",
            "client_secret": "DfIJCLutgmNG8Dz0DWj0xt7Jwwu2ngL0wMoD7gvi6qzHlBv3DAoQ60yIbUJ7T7UI",
            "client_uri": "",
            "consent_method": "REQUIRED",
            "enduser_note": "",
            "frontchannel_logout_session_required": false,
            "frontchannel_logout_uri": "",
            "grant_types": [
              "authorization_code"
            ],
            "groups_claim": [],
            "hide_ios": true,
            "hide_web": true,
            "id": "0oaz17788uBNNNRMB697",
            "implicit_assignment": false,
            "issuer_mode": "DYNAMIC",
            "jwks": [],
            "jwks_uri": "",
            "label": "webapp123",
            "login_mode": "DISABLED",
            "login_scopes": [],
            "login_uri": "",
            "logo": null,
            "logo_uri": "",
            "logo_url": "",
            "name": "oidc_client",
            "omit_secret": false,
            "participate_slo": false,
            "pkce_required": false,
            "policy_uri": "",
            "post_logout_redirect_uris": [
              "http://localhost:8080"
            ],
            "profile": "",
            "redirect_uris": [
              "http://localhost:8080/authorization-code/callback"
            ],
            "refresh_token_leeway": 0,
            "refresh_token_rotation": "STATIC",
            "response_types": [
              "code"
            ],
            "sign_on_mode": "OPENID_CONNECT",
            "status": "ACTIVE",
            "timeouts": null,
            "token_endpoint_auth_method": "client_secret_basic",
            "tos_uri": "",
            "type": "web",
            "user_name_template": "${source.login}",
            "user_name_template_push_status": "",
            "user_name_template_suffix": "",
            "user_name_template_type": "BUILT_IN",
            "wildcard_redirect": "DISABLED"
          },
          "sensitive_attributes": [
            [
              {
                "type": "get_attr",
                "value": "client_basic_secret"
              }
            ],
            [
              {
                "type": "get_attr",
                "value": "client_secret"
              }
            ]
          ],
          "identity_schema_version": 0,
          "private": "eyJlMmJmYjczMC1lY2FhLTExZTYtOGY4OC0zNDM2M2JjN2M0YzAiOnsiY3JlYXRlIjozNjAwMDAwMDAwMDAwLCJyZWFkIjozNjAwMDAwMDAwMDAwLCJ1cGRhdGUiOjM2MDAwMDAwMDAwMDB9fQ=="
        }
      ]
    },
    {
      "module": "module.oidc_apps[\"webapp123\"]",
      "mode": "managed",
      "type": "okta_auth_server",
      "name": "per_app",
      "provider": "provider[\"registry.terraform.io/okta/okta\"]",
      "instances": [
        {
          "schema_version": 0,
          "attributes": {
            "audiences": [
              "api://webapp123"
            ],
            "credentials_last_rotated": "2026-01-11 16:34:49 +0000 UTC",
            "credentials_next_rotation": "2026-04-11 16:34:49 +0000 UTC",
            "credentials_rotation_mode": "AUTO",
            "description": "Authorization server for webapp123",
            "id": "ausz30ztus9XhoRsS697",
            "issuer": "https://demo-dev-env.okta.com/oauth2/ausz30ztus9XhoRsS697",
            "issuer_mode": "ORG_URL",
            "kid": "YeaDEFJyEyM-jl_2PB4wS8zqa2GJKJWBpLrUwklJtMs",
            "name": "webapp123-auth-server",
            "status": "ACTIVE"
          },
          "sensitive_attributes": [],
          "identity_schema_version": 0,
          "private": "bnVsbA=="
        }
      ]
    },
    {
      "module": "module.oidc_apps[\"webapp123\"]",
      "mode": "managed",
      "type": "okta_auth_server_policy",
      "name": "per_app",
      "provider": "provider[\"registry.terraform.io/okta/okta\"]",
      "instances": [
        {
          "schema_version": 0,
          "attributes": {
            "auth_server_id": "ausz30ztus9XhoRsS697",
            "client_whitelist": [
              "0oaz17788uBNNNRMB697"
            ],
            "description": "Access policy for webapp123",
            "id": "00pz30x2krLjEslp3697",
            "name": "webapp123-policy",
            "priority": 1,
            "status": "ACTIVE"
          },
          "sensitive_attributes": [],
          "identity_schema_version": 0,
          "private": "bnVsbA==",
          "dependencies": [
            "module.oidc_apps.okta_app_oauth.this",
            "module.oidc_apps.okta_auth_server.per_app"
          ]
        }
      ]
    },
    {
      "module": "module.oidc_apps[\"webapp123\"]",
      "mode": "managed",
      "type": "okta_auth_server_policy_rule",
      "name": "per_rule",
      "provider": "provider[\"registry.terraform.io/okta/okta\"]",
      "instances": [
        {
          "schema_version": 0,
          "attributes": {
            "access_token_lifetime_minutes": 60,
            "auth_server_id": "ausz30ztus9XhoRsS697",
            "grant_type_whitelist": [
              "client_credentials"
            ],
            "group_blacklist": null,
            "group_whitelist": null,
            "id": "0prz31j6ta53rY9Ah697",
            "inline_hook_id": null,
            "name": "webapp123-rule",
            "policy_id": "00pz30x2krLjEslp3697",
            "priority": 1,
            "refresh_token_lifetime_minutes": 0,
            "refresh_token_window_minutes": 10080,
            "scope_whitelist": [
              "*"
            ],
            "status": "ACTIVE",
            "system": false,
            "type": "RESOURCE_ACCESS",
            "user_blacklist": null,
            "user_whitelist": null
          },
          "sensitive_attributes": [],
          "identity_schema_version": 0,
          "private": "bnVsbA==",
          "dependencies": [
            "module.oidc_apps.okta_app_oauth.this",
            "module.oidc_apps.okta_auth_server.per_app",
            "module.oidc_apps.okta_auth_server_policy.per_app"
          ]
        }
      ]
    },
    {
      "module": "module.oidc_apps[\"webapp456\"]",
      "mode": "managed",
      "type": "okta_app_oauth",
      "name": "this",
      "provider": "provider[\"registry.terraform.io/okta/okta\"]",
      "instances": [
        {
          "schema_version": 0,
          "attributes": {
            "accessibility_error_redirect_url": "",
            "accessibility_login_redirect_url": "",
            "accessibility_self_service": false,
            "admin_note": "",
            "app_links_json": null,
            "app_settings_json": "{\"app\":{},\"manualProvisioning\":false}",
            "authentication_policy": null,
            "auto_key_rotation": true,
            "auto_submit_toolbar": false,
            "client_basic_secret": null,
            "client_id": "0oaz1783zjpbSw8lZ697",
            "client_secret": "B-13FROxS7PtHRBESzv6PvH_0JXdv9AL3oR4DB3SfLawUPQ2QRBN71GZFycHTYh1",
            "client_uri": "",
            "consent_method": "REQUIRED",
            "enduser_note": "",
            "frontchannel_logout_session_required": false,
            "frontchannel_logout_uri": "",
            "grant_types": [
              "authorization_code"
            ],
            "groups_claim": [],
            "hide_ios": true,
            "hide_web": true,
            "id": "0oaz1783zjpbSw8lZ697",
            "implicit_assignment": false,
            "issuer_mode": "DYNAMIC",
            "jwks": [],
            "jwks_uri": "",
            "label": "webapp456",
            "login_mode": "DISABLED",
            "login_scopes": [],
            "login_uri": "",
            "logo": null,
            "logo_uri": "",
            "logo_url": "",
            "name": "oidc_client",
            "omit_secret": false,
            "participate_slo": false,
            "pkce_required": false,
            "policy_uri": "",
            "post_logout_redirect_uris": [
              "http://localhost:8080"
            ],
            "profile": "",
            "redirect_uris": [
              "http://localhost:8080/authorization-code/callback"
            ],
            "refresh_token_leeway": 0,
            "refresh_token_rotation": "STATIC",
            "response_types": [
              "code"
            ],
            "sign_on_mode": "OPENID_CONNECT",
            "status": "ACTIVE",
            "timeouts": null,
            "token_endpoint_auth_method": "client_secret_basic",
            "tos_uri": "",
            "type": "web",
            "user_name_template": "${source.login}",
            "user_name_template_push_status": "",
            "user_name_template_suffix": "",
            "user_name_template_type": "BUILT_IN",
            "wildcard_redirect": "DISABLED"
          },
          "sensitive_attributes": [
            [
              {
                "type": "get_attr",
                "value": "client_basic_secret"
              }
            ],
            [
              {
                "type": "get_attr",
                "value": "client_secret"
              }
            ]
          ],
          "identity_schema_version": 0,
          "private": "eyJlMmJmYjczMC1lY2FhLTExZTYtOGY4OC0zNDM2M2JjN2M0YzAiOnsiY3JlYXRlIjozNjAwMDAwMDAwMDAwLCJyZWFkIjozNjAwMDAwMDAwMDAwLCJ1cGRhdGUiOjM2MDAwMDAwMDAwMDB9fQ=="
        }
      ]
    },
    {
      "module": "module.oidc_apps[\"webapp456\"]",
      "mode": "managed",
      "type": "okta_auth_server",
      "name": "per_app",
      "provider": "provider[\"registry.terraform.io/okta/okta\"]",
      "instances": [
        {
          "schema_version": 0,
          "attributes": {
            "audiences": [
              "api://webapp456"
            ],
            "credentials_last_rotated": "2026-01-11 16:34:49 +0000 UTC",
            "credentials_next_rotation": "2026-04-11 16:34:49 +0000 UTC",
            "credentials_rotation_mode": "AUTO",
            "description": "Authorization server for webapp456",
            "id": "ausz313905kUs3pIo697",
            "issuer": "https://demo-dev-env.okta.com/oauth2/ausz313905kUs3pIo697",
            "issuer_mode": "ORG_URL",
            "kid": "4wy_-sFP4rOreCQCkGIOP62u28OrlZt2B7NUx0e9IGM",
            "name": "webapp456-auth-server",
            "status": "ACTIVE"
          },
          "sensitive_attributes": [],
          "identity_schema_version": 0,
          "private": "bnVsbA=="
        }
      ]
    },
    {
      "module": "module.oidc_apps[\"webapp456\"]",
      "mode": "managed",
      "type": "okta_auth_server_policy",
      "name": "per_app",
      "provider": "provider[\"registry.terraform.io/okta/okta\"]",
      "instances": [
        {
          "schema_version": 0,
          "attributes": {
            "auth_server_id": "ausz313905kUs3pIo697",
            "client_whitelist": [
              "0oaz1783zjpbSw8lZ697"
            ],
            "description": "Access policy for webapp456",
            "id": "00pz30zs9uLM0GbbL697",
            "name": "webapp456-policy",
            "priority": 1,
            "status": "ACTIVE"
          },
          "sensitive_attributes": [],
          "identity_schema_version": 0,
          "private": "bnVsbA==",
          "dependencies": [
            "module.oidc_apps.okta_app_oauth.this",
            "module.oidc_apps.okta_auth_server.per_app"
          ]
        }
      ]
    },
    {
      "module": "module.oidc_apps[\"webapp456\"]",
      "mode": "managed",
      "type": "okta_auth_server_policy_rule",
      "name": "per_rule",
      "provider": "provider[\"registry.terraform.io/okta/okta\"]",
      "instances": [
        {
          "schema_version": 0,
          "attributes": {
            "access_token_lifetime_minutes": 60,
            "auth_server_id": "ausz313905kUs3pIo697",
            "grant_type_whitelist": [
              "client_credentials"
            ],
            "group_blacklist": null,
            "group_whitelist": null,
            "id": "0prz31foa617RioEv697",
            "inline_hook_id": null,
            "name": "webapp456-rule",
            "policy_id": "00pz30zs9uLM0GbbL697",
            "priority": 1,
            "refresh_token_lifetime_minutes": 0,
            "refresh_token_window_minutes": 10080,
            "scope_whitelist": [
              "*"
            ],
            "status": "ACTIVE",
            "system": false,
            "type": "RESOURCE_ACCESS",
            "user_blacklist": null,
            "user_whitelist": null
          },
          "sensitive_attributes": [],
          "identity_schema_version": 0,
          "private": "bnVsbA==",
          "dependencies": [
            "module.oidc_apps.okta_app_oauth.this",
            "module.oidc_apps.okta_auth_server.per_app",
            "module.oidc_apps.okta_auth_server_policy.per_app"
          ]
        }
      ]
    },
    {
      "module": "module.saml_apps[\"saml456\"]",
      "mode": "managed",
      "type": "okta_app_saml",
      "name": "this",
      "provider": "provider[\"registry.terraform.io/okta/okta\"]",
      "instances": [
        {
          "schema_version": 0,
          "attributes": {
            "accessibility_error_redirect_url": "",
            "accessibility_login_redirect_url": "",
            "accessibility_self_service": false,
            "acs_endpoints": null,
            "acs_endpoints_indices": [],
            "admin_note": "",
            "app_links_json": "{\"demo-dev-env_saml456_1_link\":true}",
            "app_settings_json": "{}",
            "assertion_signed": true,
            "attribute_statements": [],
            "audience": "https://test.arm.com/metadata/",
            "authentication_policy": "rstz170747WvAC1y0697",
            "authn_context_class_ref": "urn:oasis:names:tc:SAML:2.0:ac:classes:PasswordProtectedTransport",
            "auto_submit_toolbar": false,
            "certificate": "MIIDqDCCApCgAwIBAgIGAZujBGACMA0GCSqGSIb3DQEBCwUAMIGUMQswCQYDVQQGEwJVUzETMBEG\nA1UECAwKQ2FsaWZvcm5pYTEWMBQGA1UEBwwNU2FuIEZyYW5jaXNjbzENMAsGA1UECgwET2t0YTEU\nMBIGA1UECwwLU1NPUHJvdmlkZXIxFTATBgNVBAMMDGRlbW8tZGV2LWVudjEcMBoGCSqGSIb3DQEJ\nARYNaW5mb0Bva3RhLmNvbTAeFw0yNjAxMDkxMzQ3NTFaFw0zNjAxMDkxMzQ4NTFaMIGUMQswCQYD\nVQQGEwJVUzETMBEGA1UECAwKQ2FsaWZvcm5pYTEWMBQGA1UEBwwNU2FuIEZyYW5jaXNjbzENMAsG\nA1UECgwET2t0YTEUMBIGA1UECwwLU1NPUHJvdmlkZXIxFTATBgNVBAMMDGRlbW8tZGV2LWVudjEc\nMBoGCSqGSIb3DQEJARYNaW5mb0Bva3RhLmNvbTCCASIwDQYJKoZIhvcNAQEBBQADggEPADCCAQoC\nggEBAMA6cF2QHEb/LW3u7mPUn4ZgTCS0LvlMb+LvwbWIniTIfl7ZppSiefO43GB923xpOqDcFthb\nOqfSRyaRiWGUItbnseoMvnc71ayEdjnGZm074i4CKKm61yQQBE/1DVo7+FLrWpihpirGs+2emuKq\nrbAezBXdXzbLz88vYqX+vZkuYLJ3hOpp7GNrspFff6J1BR1qebrkCPF2jGDB1DzQ105XzX4hANF6\n0Qx5nGUbj9Yv6aWBkp64szViRtS5VELutn1k5yd7d+NqhD1OWBDVU2plb4bWZoZ+UQO2jlqzHhu5\nxw9iEMWDW5yMO6zl2ZsLgvhCA9Oyg+pn7by0wtgQU9UCAwEAATANBgkqhkiG9w0BAQsFAAOCAQEA\nYD7jCtIB0H3fSwevTVgJglQju3LgVq5Q+WNVI0kHc3K4/M4wO2U1DouPJw3idg/dQx8fz8uPAqRT\nKnmmdPmVDs0Wso1L8oRa15bjdqZIl4xNNLYS6VFYP9FUHi6eZP0rX7HnJqnyHVRiMH6x5FyCsBjX\nNEePoAOTxt+7I4WJtkn+QMfpPskn/hBOdoMHNA6T7zqAMSRUqSDQdtlwHMoDdGl5lP6HjoNPYKZF\ncqhjV2vMTooYEKmU0jmViDy1d5J4z7sTHr7YvYjIKXC1bZC4eFC77K69Mq5JTkonpCFpr+5jqH+G\nCfuqfcEOZNJDjKNyc6EamCd+2ozaqdIA6IugDg==",
            "default_relay_state": "",
            "destination": "https://test.arm.com/api/auth/login/acs/",
            "digest_algorithm": "SHA256",
            "embed_url": "https://demo-dev-env.okta.com/home/demo-dev-env_saml456_1/0oaz179xz7VgR9Sas697/alnz17oyp5m378ZtQ697",
            "enduser_note": "",
            "entity_key": "exkz179xz6agueZP1697",
            "entity_url": "http://www.okta.com/exkz179xz6agueZP1697",
            "features": [],
            "hide_ios": false,
            "hide_web": false,
            "honor_force_authn": true,
            "http_post_binding": "https://demo-dev-env.okta.com/app/demo-dev-env_saml456_1/exkz179xz6agueZP1697/sso/saml",
            "http_redirect_binding": "https://demo-dev-env.okta.com/app/demo-dev-env_saml456_1/exkz179xz6agueZP1697/sso/saml",
            "id": "0oaz179xz7VgR9Sas697",
            "idp_issuer": "http://www.okta.com/${org.externalKey}",
            "implicit_assignment": false,
            "inline_hook_id": null,
            "key_id": "tnZULn_OlrBsWEiylsJdG942LYFOlu4dXo_WyggI4BM",
            "key_name": null,
            "key_years_valid": null,
            "keys": [
              {
                "created": "2026-01-09 13:48:51 +0000 UTC",
                "e": "AQAB",
                "expires_at": "2036-01-09 13:48:51 +0000 UTC",
                "kid": "tnZULn_OlrBsWEiylsJdG942LYFOlu4dXo_WyggI4BM",
                "kty": "RSA",
                "last_updated": "2026-01-09 13:48:51 +0000 UTC",
                "n": "wDpwXZAcRv8tbe7uY9SfhmBMJLQu-Uxv4u_BtYieJMh-XtmmlKJ587jcYH3bfGk6oNwW2Fs6p9JHJpGJYZQi1uex6gy-dzvVrIR2OcZmbTviLgIoqbrXJBAET_UNWjv4UutamKGmKsaz7Z6a4qqtsB7MFd1fNsvPzy9ipf69mS5gsneE6mnsY2uykV9_onUFHWp5uuQI8XaMYMHUPNDXTlfNfiEA0XrRDHmcZRuP1i_ppYGSnrizNWJG1LlUQu62fWTnJ3t342qEPU5YENVTamVvhtZmhn5RA7aOWrMeG7nHD2IQxYNbnIw7rOXZmwuC-EID07KD6mftvLTC2BBT1Q",
                "use": "sig",
                "x5c": [
                  "MIIDqDCCApCgAwIBAgIGAZujBGACMA0GCSqGSIb3DQEBCwUAMIGUMQswCQYDVQQGEwJVUzETMBEGA1UECAwKQ2FsaWZvcm5pYTEWMBQGA1UEBwwNU2FuIEZyYW5jaXNjbzENMAsGA1UECgwET2t0YTEUMBIGA1UECwwLU1NPUHJvdmlkZXIxFTATBgNVBAMMDGRlbW8tZGV2LWVudjEcMBoGCSqGSIb3DQEJARYNaW5mb0Bva3RhLmNvbTAeFw0yNjAxMDkxMzQ3NTFaFw0zNjAxMDkxMzQ4NTFaMIGUMQswCQYDVQQGEwJVUzETMBEGA1UECAwKQ2FsaWZvcm5pYTEWMBQGA1UEBwwNU2FuIEZyYW5jaXNjbzENMAsGA1UECgwET2t0YTEUMBIGA1UECwwLU1NPUHJvdmlkZXIxFTATBgNVBAMMDGRlbW8tZGV2LWVudjEcMBoGCSqGSIb3DQEJARYNaW5mb0Bva3RhLmNvbTCCASIwDQYJKoZIhvcNAQEBBQADggEPADCCAQoCggEBAMA6cF2QHEb/LW3u7mPUn4ZgTCS0LvlMb+LvwbWIniTIfl7ZppSiefO43GB923xpOqDcFthbOqfSRyaRiWGUItbnseoMvnc71ayEdjnGZm074i4CKKm61yQQBE/1DVo7+FLrWpihpirGs+2emuKqrbAezBXdXzbLz88vYqX+vZkuYLJ3hOpp7GNrspFff6J1BR1qebrkCPF2jGDB1DzQ105XzX4hANF60Qx5nGUbj9Yv6aWBkp64szViRtS5VELutn1k5yd7d+NqhD1OWBDVU2plb4bWZoZ+UQO2jlqzHhu5xw9iEMWDW5yMO6zl2ZsLgvhCA9Oyg+pn7by0wtgQU9UCAwEAATANBgkqhkiG9w0BAQsFAAOCAQEAYD7jCtIB0H3fSwevTVgJglQju3LgVq5Q+WNVI0kHc3K4/M4wO2U1DouPJw3idg/dQx8fz8uPAqRTKnmmdPmVDs0Wso1L8oRa15bjdqZIl4xNNLYS6VFYP9FUHi6eZP0rX7HnJqnyHVRiMH6x5FyCsBjXNEePoAOTxt+7I4WJtkn+QMfpPskn/hBOdoMHNA6T7zqAMSRUqSDQdtlwHMoDdGl5lP6HjoNPYKZFcqhjV2vMTooYEKmU0jmViDy1d5J4z7sTHr7YvYjIKXC1bZC4eFC77K69Mq5JTkonpCFpr+5jqH+GCfuqfcEOZNJDjKNyc6EamCd+2ozaqdIA6IugDg=="
                ],
                "x5t_s256": "PhgAGlb58-YH-3vBC1NtTCu7v42bM3GLT6CFVTx-Ggo"
              }
            ],
            "label": "saml456",
            "logo": null,
            "logo_url": "https://ok14static.oktacdn.com/assets/img/logos/default.6770228fb0dab49a1695ef440a5279bb.png",
            "metadata": "\u003c?xml version=\"1.0\" encoding=\"UTF-8\"?\u003e\u003cmd:EntityDescriptor entityID=\"http://www.okta.com/exkz179xz6agueZP1697\" xmlns:md=\"urn:oasis:names:tc:SAML:2.0:metadata\"\u003e\u003cmd:IDPSSODescriptor WantAuthnRequestsSigned=\"false\" protocolSupportEnumeration=\"urn:oasis:names:tc:SAML:2.0:protocol\"\u003e\u003cmd:KeyDescriptor use=\"signing\"\u003e\u003cds:KeyInfo xmlns:ds=\"http://www.w3.org/2000/09/xmldsig#\"\u003e\u003cds:X509Data\u003e\u003cds:X509Certificate\u003eMIIDqDCCApCgAwIBAgIGAZujBGACMA0GCSqGSIb3DQEBCwUAMIGUMQswCQYDVQQGEwJVUzETMBEG\nA1UECAwKQ2FsaWZvcm5pYTEWMBQGA1UEBwwNU2FuIEZyYW5jaXNjbzENMAsGA1UECgwET2t0YTEU\nMBIGA1UECwwLU1NPUHJvdmlkZXIxFTATBgNVBAMMDGRlbW8tZGV2LWVudjEcMBoGCSqGSIb3DQEJ\nARYNaW5mb0Bva3RhLmNvbTAeFw0yNjAxMDkxMzQ3NTFaFw0zNjAxMDkxMzQ4NTFaMIGUMQswCQYD\nVQQGEwJVUzETMBEGA1UECAwKQ2FsaWZvcm5pYTEWMBQGA1UEBwwNU2FuIEZyYW5jaXNjbzENMAsG\nA1UECgwET2t0YTEUMBIGA1UECwwLU1NPUHJvdmlkZXIxFTATBgNVBAMMDGRlbW8tZGV2LWVudjEc\nMBoGCSqGSIb3DQEJARYNaW5mb0Bva3RhLmNvbTCCASIwDQYJKoZIhvcNAQEBBQADggEPADCCAQoC\nggEBAMA6cF2QHEb/LW3u7mPUn4ZgTCS0LvlMb+LvwbWIniTIfl7ZppSiefO43GB923xpOqDcFthb\nOqfSRyaRiWGUItbnseoMvnc71ayEdjnGZm074i4CKKm61yQQBE/1DVo7+FLrWpihpirGs+2emuKq\nrbAezBXdXzbLz88vYqX+vZkuYLJ3hOpp7GNrspFff6J1BR1qebrkCPF2jGDB1DzQ105XzX4hANF6\n0Qx5nGUbj9Yv6aWBkp64szViRtS5VELutn1k5yd7d+NqhD1OWBDVU2plb4bWZoZ+UQO2jlqzHhu5\nxw9iEMWDW5yMO6zl2ZsLgvhCA9Oyg+pn7by0wtgQU9UCAwEAATANBgkqhkiG9w0BAQsFAAOCAQEA\nYD7jCtIB0H3fSwevTVgJglQju3LgVq5Q+WNVI0kHc3K4/M4wO2U1DouPJw3idg/dQx8fz8uPAqRT\nKnmmdPmVDs0Wso1L8oRa15bjdqZIl4xNNLYS6VFYP9FUHi6eZP0rX7HnJqnyHVRiMH6x5FyCsBjX\nNEePoAOTxt+7I4WJtkn+QMfpPskn/hBOdoMHNA6T7zqAMSRUqSDQdtlwHMoDdGl5lP6HjoNPYKZF\ncqhjV2vMTooYEKmU0jmViDy1d5J4z7sTHr7YvYjIKXC1bZC4eFC77K69Mq5JTkonpCFpr+5jqH+G\nCfuqfcEOZNJDjKNyc6EamCd+2ozaqdIA6IugDg==\u003c/ds:X509Certificate\u003e\u003c/ds:X509Data\u003e\u003c/ds:KeyInfo\u003e\u003c/md:KeyDescriptor\u003e\u003cmd:NameIDFormat\u003eurn:oasis:names:tc:SAML:1.1:nameid-format:unspecified\u003c/md:NameIDFormat\u003e\u003cmd:NameIDFormat\u003eurn:oasis:names:tc:SAML:1.1:nameid-format:emailAddress\u003c/md:NameIDFormat\u003e\u003cmd:SingleSignOnService Binding=\"urn:oasis:names:tc:SAML:2.0:bindings:HTTP-POST\" Location=\"https://demo-dev-env.okta.com/app/demo-dev-env_saml456_1/exkz179xz6agueZP1697/sso/saml\"/\u003e\u003cmd:SingleSignOnService Binding=\"urn:oasis:names:tc:SAML:2.0:bindings:HTTP-Redirect\" Location=\"https://demo-dev-env.okta.com/app/demo-dev-env_saml456_1/exkz179xz6agueZP1697/sso/saml\"/\u003e\u003c/md:IDPSSODescriptor\u003e\u003c/md:EntityDescriptor\u003e",
            "metadata_url": "https://demo-dev-env.okta.com/api/v1/apps/0oaz179xz7VgR9Sas697/sso/saml/metadata",
            "name": "demo-dev-env_saml456_1",
            "preconfigured_app": "demo-dev-env_saml456_1",
            "recipient": "https://test.arm.com/api/auth/login/acs/",
            "request_compressed": null,
            "response_signed": true,
            "saml_signed_request_enabled": false,
            "saml_version": "2.0",
            "sign_on_mode": "SAML_2_0",
            "signature_algorithm": "RSA_SHA256",
            "single_logout_certificate": null,
            "single_logout_issuer": null,
            "single_logout_url": null,
            "sp_issuer": null,
            "sso_url": "https://test.arm.com/api/auth/login/acs/",
            "status": "ACTIVE",
            "subject_name_id_format": "urn:oasis:names:tc:SAML:1.1:nameid-format:unspecified",
            "subject_name_id_template": "${user.userName}",
            "timeouts": null,
            "user_name_template": "${source.login}",
            "user_name_template_push_status": "",
            "user_name_template_suffix": "",
            "user_name_template_type": "BUILT_IN"
          },
          "sensitive_attributes": [],
          "identity_schema_version": 0,
          "private": "eyJlMmJmYjczMC1lY2FhLTExZTYtOGY4OC0zNDM2M2JjN2M0YzAiOnsiY3JlYXRlIjozNjAwMDAwMDAwMDAwLCJyZWFkIjozNjAwMDAwMDAwMDAwLCJ1cGRhdGUiOjM2MDAwMDAwMDAwMDB9fQ=="
        }
      ]
    },
    {
      "module": "module.saml_apps[\"samlapp123\"]",
      "mode": "managed",
      "type": "okta_app_saml",
      "name": "this",
      "provider": "provider[\"registry.terraform.io/okta/okta\"]",
      "instances": [
        {
          "schema_version": 0,
          "attributes": {
            "accessibility_error_redirect_url": "",
            "accessibility_login_redirect_url": "",
            "accessibility_self_service": false,
            "acs_endpoints": null,
            "acs_endpoints_indices": [],
            "admin_note": "",
            "app_links_json": "{\"demo-dev-env_samlapp123_1_link\":true}",
            "app_settings_json": "{}",
            "assertion_signed": true,
            "attribute_statements": [],
            "audience": "https://auth.akeyless.io/saml/metadata",
            "authentication_policy": "rstz170747WvAC1y0697",
            "authn_context_class_ref": "urn:oasis:names:tc:SAML:2.0:ac:classes:PasswordProtectedTransport",
            "auto_submit_toolbar": false,
            "certificate": "MIIDqDCCApCgAwIBAgIGAZujBGAFMA0GCSqGSIb3DQEBCwUAMIGUMQswCQYDVQQGEwJVUzETMBEG\nA1UECAwKQ2FsaWZvcm5pYTEWMBQGA1UEBwwNU2FuIEZyYW5jaXNjbzENMAsGA1UECgwET2t0YTEU\nMBIGA1UECwwLU1NPUHJvdmlkZXIxFTATBgNVBAMMDGRlbW8tZGV2LWVudjEcMBoGCSqGSIb3DQEJ\nARYNaW5mb0Bva3RhLmNvbTAeFw0yNjAxMDkxMzQ3NTFaFw0zNjAxMDkxMzQ4NTFaMIGUMQswCQYD\nVQQGEwJVUzETMBEGA1UECAwKQ2FsaWZvcm5pYTEWMBQGA1UEBwwNU2FuIEZyYW5jaXNjbzENMAsG\nA1UECgwET2t0YTEUMBIGA1UECwwLU1NPUHJvdmlkZXIxFTATBgNVBAMMDGRlbW8tZGV2LWVudjEc\nMBoGCSqGSIb3DQEJARYNaW5mb0Bva3RhLmNvbTCCASIwDQYJKoZIhvcNAQEBBQADggEPADCCAQoC\nggEBAK61tyZJRjfG3m+gT1OP7m/d7YmwdJPhk6BPDLjc9MuSCa5Q8nlTG5px92wCiE5CTZobBgt4\nkdxnBpyeoXfMB0wz0WXGY0vkQ7c2G9KpYzWztho5iZGrqKWaQcCrQWovM+D0HXxWIwXFUWD219m+\nkc6YjKAOrAXIxtC8sjnjnjX5XXPAFM9ixi0H7kb28Kh2+O0MoQGAdWeysrwpB5VZQzLQ/XHLxhFB\nv70hU6loFghZlj6JbE5ZxS8nYqz1CI6tqCp2w3IROb3THGb2jbytxHRREXxQLrAOQmNCGrdll6Oe\nzQhxF3wV3PlUqo/keE4dWJuZmCaxAyi/xrsHlSQj7EMCAwEAATANBgkqhkiG9w0BAQsFAAOCAQEA\nm0W7GbZv+rFV7MrD/05lMy3aJiExnMPOHmBCGMjOsc6/LKDb4qSL9IuVqRnLd9WPOBZhmv4IB1Sh\n62vmFnl8VqpLvg3SRxR6T7X2xB+9j4KtAh73NRm4jjCmGyt/Fa/rSwbHhvahGhQGf1Svt6rT1uRM\nAvmH2Ac8o+7Z/GEl1UaOpZ2REC3NRYrx29KTtIH6fYiEyEy+ztc12mgKRb8UPKePtUgQCSWrKhPo\nvxJzGJhHqNoCMYkY5qW8We5bi7HKeLNj0OilJfuKuVXShOkO87HxAg3YiB+1V6CjZzDhPNTMdYDG\nsuEy8Qh6ODm9evivBQl3tqow+d0n/XLjeNClDA==",
            "default_relay_state": "",
            "destination": "https://auth.akeyless.io/saml/acs",
            "digest_algorithm": "SHA256",
            "embed_url": "https://demo-dev-env.okta.com/home/demo-dev-env_samlapp123_1/0oaz17cq440pVsn40697/alnz17oyp7W0DT8Qv697",
            "enduser_note": "",
            "entity_key": "exkz17cq43bVCvKLm697",
            "entity_url": "http://www.okta.com/exkz17cq43bVCvKLm697",
            "features": [],
            "hide_ios": false,
            "hide_web": false,
            "honor_force_authn": true,
            "http_post_binding": "https://demo-dev-env.okta.com/app/demo-dev-env_samlapp123_1/exkz17cq43bVCvKLm697/sso/saml",
            "http_redirect_binding": "https://demo-dev-env.okta.com/app/demo-dev-env_samlapp123_1/exkz17cq43bVCvKLm697/sso/saml",
            "id": "0oaz17cq440pVsn40697",
            "idp_issuer": "http://www.okta.com/${org.externalKey}",
            "implicit_assignment": false,
            "inline_hook_id": null,
            "key_id": "kUmGwdHKaOdBnIG9jhGrFbqyc3H06l349eGSFKiWnG8",
            "key_name": null,
            "key_years_valid": null,
            "keys": [
              {
                "created": "2026-01-09 13:48:51 +0000 UTC",
                "e": "AQAB",
                "expires_at": "2036-01-09 13:48:51 +0000 UTC",
                "kid": "kUmGwdHKaOdBnIG9jhGrFbqyc3H06l349eGSFKiWnG8",
                "kty": "RSA",
                "last_updated": "2026-01-09 13:48:51 +0000 UTC",
                "n": "rrW3JklGN8beb6BPU4_ub93tibB0k-GToE8MuNz0y5IJrlDyeVMbmnH3bAKITkJNmhsGC3iR3GcGnJ6hd8wHTDPRZcZjS-RDtzYb0qljNbO2GjmJkauopZpBwKtBai8z4PQdfFYjBcVRYPbX2b6RzpiMoA6sBcjG0LyyOeOeNfldc8AUz2LGLQfuRvbwqHb47QyhAYB1Z7KyvCkHlVlDMtD9ccvGEUG_vSFTqWgWCFmWPolsTlnFLydirPUIjq2oKnbDchE5vdMcZvaNvK3EdFERfFAusA5CY0Iat2WXo57NCHEXfBXc-VSqj-R4Th1Ym5mYJrEDKL_GuweVJCPsQw",
                "use": "sig",
                "x5c": [
                  "MIIDqDCCApCgAwIBAgIGAZujBGAFMA0GCSqGSIb3DQEBCwUAMIGUMQswCQYDVQQGEwJVUzETMBEGA1UECAwKQ2FsaWZvcm5pYTEWMBQGA1UEBwwNU2FuIEZyYW5jaXNjbzENMAsGA1UECgwET2t0YTEUMBIGA1UECwwLU1NPUHJvdmlkZXIxFTATBgNVBAMMDGRlbW8tZGV2LWVudjEcMBoGCSqGSIb3DQEJARYNaW5mb0Bva3RhLmNvbTAeFw0yNjAxMDkxMzQ3NTFaFw0zNjAxMDkxMzQ4NTFaMIGUMQswCQYDVQQGEwJVUzETMBEGA1UECAwKQ2FsaWZvcm5pYTEWMBQGA1UEBwwNU2FuIEZyYW5jaXNjbzENMAsGA1UECgwET2t0YTEUMBIGA1UECwwLU1NPUHJvdmlkZXIxFTATBgNVBAMMDGRlbW8tZGV2LWVudjEcMBoGCSqGSIb3DQEJARYNaW5mb0Bva3RhLmNvbTCCASIwDQYJKoZIhvcNAQEBBQADggEPADCCAQoCggEBAK61tyZJRjfG3m+gT1OP7m/d7YmwdJPhk6BPDLjc9MuSCa5Q8nlTG5px92wCiE5CTZobBgt4kdxnBpyeoXfMB0wz0WXGY0vkQ7c2G9KpYzWztho5iZGrqKWaQcCrQWovM+D0HXxWIwXFUWD219m+kc6YjKAOrAXIxtC8sjnjnjX5XXPAFM9ixi0H7kb28Kh2+O0MoQGAdWeysrwpB5VZQzLQ/XHLxhFBv70hU6loFghZlj6JbE5ZxS8nYqz1CI6tqCp2w3IROb3THGb2jbytxHRREXxQLrAOQmNCGrdll6OezQhxF3wV3PlUqo/keE4dWJuZmCaxAyi/xrsHlSQj7EMCAwEAATANBgkqhkiG9w0BAQsFAAOCAQEAm0W7GbZv+rFV7MrD/05lMy3aJiExnMPOHmBCGMjOsc6/LKDb4qSL9IuVqRnLd9WPOBZhmv4IB1Sh62vmFnl8VqpLvg3SRxR6T7X2xB+9j4KtAh73NRm4jjCmGyt/Fa/rSwbHhvahGhQGf1Svt6rT1uRMAvmH2Ac8o+7Z/GEl1UaOpZ2REC3NRYrx29KTtIH6fYiEyEy+ztc12mgKRb8UPKePtUgQCSWrKhPovxJzGJhHqNoCMYkY5qW8We5bi7HKeLNj0OilJfuKuVXShOkO87HxAg3YiB+1V6CjZzDhPNTMdYDGsuEy8Qh6ODm9evivBQl3tqow+d0n/XLjeNClDA=="
                ],
                "x5t_s256": "LOpXwVKW336nI-f9uuwB1sGDv9NwAnXZYhQM7nnEqkI"
              }
            ],
            "label": "samlapp123",
            "logo": null,
            "logo_url": "https://ok14static.oktacdn.com/assets/img/logos/default.6770228fb0dab49a1695ef440a5279bb.png",
            "metadata": "\u003c?xml version=\"1.0\" encoding=\"UTF-8\"?\u003e\u003cmd:EntityDescriptor entityID=\"http://www.okta.com/exkz17cq43bVCvKLm697\" xmlns:md=\"urn:oasis:names:tc:SAML:2.0:metadata\"\u003e\u003cmd:IDPSSODescriptor WantAuthnRequestsSigned=\"false\" protocolSupportEnumeration=\"urn:oasis:names:tc:SAML:2.0:protocol\"\u003e\u003cmd:KeyDescriptor use=\"signing\"\u003e\u003cds:KeyInfo xmlns:ds=\"http://www.w3.org/2000/09/xmldsig#\"\u003e\u003cds:X509Data\u003e\u003cds:X509Certificate\u003eMIIDqDCCApCgAwIBAgIGAZujBGAFMA0GCSqGSIb3DQEBCwUAMIGUMQswCQYDVQQGEwJVUzETMBEG\nA1UECAwKQ2FsaWZvcm5pYTEWMBQGA1UEBwwNU2FuIEZyYW5jaXNjbzENMAsGA1UECgwET2t0YTEU\nMBIGA1UECwwLU1NPUHJvdmlkZXIxFTATBgNVBAMMDGRlbW8tZGV2LWVudjEcMBoGCSqGSIb3DQEJ\nARYNaW5mb0Bva3RhLmNvbTAeFw0yNjAxMDkxMzQ3NTFaFw0zNjAxMDkxMzQ4NTFaMIGUMQswCQYD\nVQQGEwJVUzETMBEGA1UECAwKQ2FsaWZvcm5pYTEWMBQGA1UEBwwNU2FuIEZyYW5jaXNjbzENMAsG\nA1UECgwET2t0YTEUMBIGA1UECwwLU1NPUHJvdmlkZXIxFTATBgNVBAMMDGRlbW8tZGV2LWVudjEc\nMBoGCSqGSIb3DQEJARYNaW5mb0Bva3RhLmNvbTCCASIwDQYJKoZIhvcNAQEBBQADggEPADCCAQoC\nggEBAK61tyZJRjfG3m+gT1OP7m/d7YmwdJPhk6BPDLjc9MuSCa5Q8nlTG5px92wCiE5CTZobBgt4\nkdxnBpyeoXfMB0wz0WXGY0vkQ7c2G9KpYzWztho5iZGrqKWaQcCrQWovM+D0HXxWIwXFUWD219m+\nkc6YjKAOrAXIxtC8sjnjnjX5XXPAFM9ixi0H7kb28Kh2+O0MoQGAdWeysrwpB5VZQzLQ/XHLxhFB\nv70hU6loFghZlj6JbE5ZxS8nYqz1CI6tqCp2w3IROb3THGb2jbytxHRREXxQLrAOQmNCGrdll6Oe\nzQhxF3wV3PlUqo/keE4dWJuZmCaxAyi/xrsHlSQj7EMCAwEAATANBgkqhkiG9w0BAQsFAAOCAQEA\nm0W7GbZv+rFV7MrD/05lMy3aJiExnMPOHmBCGMjOsc6/LKDb4qSL9IuVqRnLd9WPOBZhmv4IB1Sh\n62vmFnl8VqpLvg3SRxR6T7X2xB+9j4KtAh73NRm4jjCmGyt/Fa/rSwbHhvahGhQGf1Svt6rT1uRM\nAvmH2Ac8o+7Z/GEl1UaOpZ2REC3NRYrx29KTtIH6fYiEyEy+ztc12mgKRb8UPKePtUgQCSWrKhPo\nvxJzGJhHqNoCMYkY5qW8We5bi7HKeLNj0OilJfuKuVXShOkO87HxAg3YiB+1V6CjZzDhPNTMdYDG\nsuEy8Qh6ODm9evivBQl3tqow+d0n/XLjeNClDA==\u003c/ds:X509Certificate\u003e\u003c/ds:X509Data\u003e\u003c/ds:KeyInfo\u003e\u003c/md:KeyDescriptor\u003e\u003cmd:NameIDFormat\u003eurn:oasis:names:tc:SAML:1.1:nameid-format:unspecified\u003c/md:NameIDFormat\u003e\u003cmd:NameIDFormat\u003eurn:oasis:names:tc:SAML:1.1:nameid-format:emailAddress\u003c/md:NameIDFormat\u003e\u003cmd:SingleSignOnService Binding=\"urn:oasis:names:tc:SAML:2.0:bindings:HTTP-POST\" Location=\"https://demo-dev-env.okta.com/app/demo-dev-env_samlapp123_1/exkz17cq43bVCvKLm697/sso/saml\"/\u003e\u003cmd:SingleSignOnService Binding=\"urn:oasis:names:tc:SAML:2.0:bindings:HTTP-Redirect\" Location=\"https://demo-dev-env.okta.com/app/demo-dev-env_samlapp123_1/exkz17cq43bVCvKLm697/sso/saml\"/\u003e\u003c/md:IDPSSODescriptor\u003e\u003c/md:EntityDescriptor\u003e",
            "metadata_url": "https://demo-dev-env.okta.com/api/v1/apps/0oaz17cq440pVsn40697/sso/saml/metadata",
            "name": "demo-dev-env_samlapp123_1",
            "preconfigured_app": "demo-dev-env_samlapp123_1",
            "recipient": "https://auth.akeyless.io/saml/acs",
            "request_compressed": null,
            "response_signed": true,
            "saml_signed_request_enabled": false,
            "saml_version": "2.0",
            "sign_on_mode": "SAML_2_0",
            "signature_algorithm": "RSA_SHA256",
            "single_logout_certificate": null,
            "single_logout_issuer": null,
            "single_logout_url": null,
            "sp_issuer": null,
            "sso_url": "https://auth.akeyless.io/saml/acs",
            "status": "ACTIVE",
            "subject_name_id_format": "urn:oasis:names:tc:SAML:1.1:nameid-format:unspecified",
            "subject_name_id_template": "${user.userName}",
            "timeouts": null,
            "user_name_template": "${source.login}",
            "user_name_template_push_status": "",
            "user_name_template_suffix": "",
            "user_name_template_type": "BUILT_IN"
          },
          "sensitive_attributes": [],
          "identity_schema_version": 0,
          "private": "eyJlMmJmYjczMC1lY2FhLTExZTYtOGY4OC0zNDM2M2JjN2M0YzAiOnsiY3JlYXRlIjozNjAwMDAwMDAwMDAwLCJyZWFkIjozNjAwMDAwMDAwMDAwLCJ1cGRhdGUiOjM2MDAwMDAwMDAwMDB9fQ=="
        }
      ]
    }
  ],
  "check_results": null
}
