{
  "version": 4,
  "terraform_version": "1.14.3",
  "serial": 28,
  "lineage": "3d3a3064-9ef5-3173-035a-a43704b06ee1",
  "outputs": {},
  "resources": [
    {
      "module": "module.oidc_apps[\"service123\"]",
      "mode": "managed",
      "type": "okta_app_oauth",
      "name": "this",
      "provider": "provider[\"registry.terraform.io/okta/okta\"]",
      "instances": [
        {
          "schema_version": 0,
          "attributes": {
            "accessibility_error_redirect_url": "",
            "accessibility_login_redirect_url": "",
            "accessibility_self_service": false,
            "admin_note": "",
            "app_links_json": null,
            "app_settings_json": "{\"app\":{},\"manualProvisioning\":false}",
            "authentication_policy": null,
            "auto_key_rotation": true,
            "auto_submit_toolbar": false,
            "client_basic_secret": null,
            "client_id": "0oaz0yehe1Hg3Uxii697",
            "client_secret": "agWKJTNomMJu3G5YcPq8F4ebz46KlgqrZkckGJXXAIwMxgd2jvw3fvXGVEKWWoUT",
            "client_uri": "",
            "consent_method": "REQUIRED",
            "enduser_note": "",
            "frontchannel_logout_session_required": false,
            "frontchannel_logout_uri": "",
            "grant_types": [
              "client_credentials"
            ],
            "groups_claim": [],
            "hide_ios": true,
            "hide_web": true,
            "id": "0oaz0yehe1Hg3Uxii697",
            "implicit_assignment": false,
            "issuer_mode": "DYNAMIC",
            "jwks": [],
            "jwks_uri": "",
            "label": "service123",
            "login_mode": "DISABLED",
            "login_scopes": [],
            "login_uri": "",
            "logo": null,
            "logo_uri": "",
            "logo_url": "",
            "name": "oidc_client",
            "omit_secret": false,
            "participate_slo": false,
            "pkce_required": false,
            "policy_uri": "",
            "post_logout_redirect_uris": [],
            "profile": "",
            "redirect_uris": [],
            "refresh_token_leeway": 0,
            "refresh_token_rotation": "STATIC",
            "response_types": [],
            "sign_on_mode": "OPENID_CONNECT",
            "status": "ACTIVE",
            "timeouts": null,
            "token_endpoint_auth_method": "client_secret_basic",
            "tos_uri": "",
            "type": "service",
            "user_name_template": "${source.login}",
            "user_name_template_push_status": "",
            "user_name_template_suffix": "",
            "user_name_template_type": "BUILT_IN",
            "wildcard_redirect": "DISABLED"
          },
          "sensitive_attributes": [
            [
              {
                "type": "get_attr",
                "value": "client_basic_secret"
              }
            ],
            [
              {
                "type": "get_attr",
                "value": "client_secret"
              }
            ]
          ],
          "identity_schema_version": 0,
          "private": "eyJlMmJmYjczMC1lY2FhLTExZTYtOGY4OC0zNDM2M2JjN2M0YzAiOnsiY3JlYXRlIjozNjAwMDAwMDAwMDAwLCJyZWFkIjozNjAwMDAwMDAwMDAwLCJ1cGRhdGUiOjM2MDAwMDAwMDAwMDB9fQ=="
        }
      ]
    },
    {
      "module": "module.oidc_apps[\"service456\"]",
      "mode": "managed",
      "type": "okta_app_oauth",
      "name": "this",
      "provider": "provider[\"registry.terraform.io/okta/okta\"]",
      "instances": [
        {
          "schema_version": 0,
          "attributes": {
            "accessibility_error_redirect_url": "",
            "accessibility_login_redirect_url": "",
            "accessibility_self_service": false,
            "admin_note": "",
            "app_links_json": null,
            "app_settings_json": "{\"app\":{},\"manualProvisioning\":false}",
            "authentication_policy": null,
            "auto_key_rotation": true,
            "auto_submit_toolbar": false,
            "client_basic_secret": null,
            "client_id": "0oaz0yfzczTUnBnLQ697",
            "client_secret": "sZ6qHtQV43FHPv2sCZliU5-ubb-zIfatE9oWrsbQUJgUoqNf5EIvzhTwcsEv2wmu",
            "client_uri": "",
            "consent_method": "REQUIRED",
            "enduser_note": "",
            "frontchannel_logout_session_required": false,
            "frontchannel_logout_uri": "",
            "grant_types": [
              "client_credentials"
            ],
            "groups_claim": [],
            "hide_ios": true,
            "hide_web": true,
            "id": "0oaz0yfzczTUnBnLQ697",
            "implicit_assignment": false,
            "issuer_mode": "DYNAMIC",
            "jwks": [],
            "jwks_uri": "",
            "label": "service456",
            "login_mode": "DISABLED",
            "login_scopes": [],
            "login_uri": "",
            "logo": null,
            "logo_uri": "",
            "logo_url": "",
            "name": "oidc_client",
            "omit_secret": false,
            "participate_slo": false,
            "pkce_required": false,
            "policy_uri": "",
            "post_logout_redirect_uris": [],
            "profile": "",
            "redirect_uris": [],
            "refresh_token_leeway": 0,
            "refresh_token_rotation": "STATIC",
            "response_types": [],
            "sign_on_mode": "OPENID_CONNECT",
            "status": "ACTIVE",
            "timeouts": null,
            "token_endpoint_auth_method": "client_secret_basic",
            "tos_uri": "",
            "type": "service",
            "user_name_template": "${source.login}",
            "user_name_template_push_status": "",
            "user_name_template_suffix": "",
            "user_name_template_type": "BUILT_IN",
            "wildcard_redirect": "DISABLED"
          },
          "sensitive_attributes": [
            [
              {
                "type": "get_attr",
                "value": "client_basic_secret"
              }
            ],
            [
              {
                "type": "get_attr",
                "value": "client_secret"
              }
            ]
          ],
          "identity_schema_version": 0,
          "private": "eyJlMmJmYjczMC1lY2FhLTExZTYtOGY4OC0zNDM2M2JjN2M0YzAiOnsiY3JlYXRlIjozNjAwMDAwMDAwMDAwLCJyZWFkIjozNjAwMDAwMDAwMDAwLCJ1cGRhdGUiOjM2MDAwMDAwMDAwMDB9fQ=="
        }
      ]
    },
    {
      "module": "module.oidc_apps[\"webapp123\"]",
      "mode": "managed",
      "type": "okta_app_oauth",
      "name": "this",
      "provider": "provider[\"registry.terraform.io/okta/okta\"]",
      "instances": [
        {
          "schema_version": 0,
          "attributes": {
            "accessibility_error_redirect_url": "",
            "accessibility_login_redirect_url": "",
            "accessibility_self_service": false,
            "admin_note": "",
            "app_links_json": null,
            "app_settings_json": "{\"app\":{},\"manualProvisioning\":false}",
            "authentication_policy": null,
            "auto_key_rotation": true,
            "auto_submit_toolbar": false,
            "client_basic_secret": null,
            "client_id": "0oaz0yvr5ne8lz2JQ697",
            "client_secret": "ol_wH4hPGivDhhpQLshNVfG-MDQE6928VsWe2tqZuQCGjRiyHDAyuLGzBpgW_I8_",
            "client_uri": "",
            "consent_method": "REQUIRED",
            "enduser_note": "",
            "frontchannel_logout_session_required": false,
            "frontchannel_logout_uri": "",
            "grant_types": [
              "authorization_code",
              "refresh_token"
            ],
            "groups_claim": [],
            "hide_ios": true,
            "hide_web": true,
            "id": "0oaz0yvr5ne8lz2JQ697",
            "implicit_assignment": false,
            "issuer_mode": "DYNAMIC",
            "jwks": [],
            "jwks_uri": "",
            "label": "webapp123",
            "login_mode": "DISABLED",
            "login_scopes": null,
            "login_uri": "",
            "logo": null,
            "logo_uri": "",
            "logo_url": "",
            "name": "oidc_client",
            "omit_secret": false,
            "participate_slo": false,
            "pkce_required": false,
            "policy_uri": "",
            "post_logout_redirect_uris": [
              "http://localhost:8080"
            ],
            "profile": "",
            "redirect_uris": [
              "http://localhost:8080/authorization-code/callback"
            ],
            "refresh_token_leeway": 0,
            "refresh_token_rotation": "ROTATE",
            "response_types": [
              "code"
            ],
            "sign_on_mode": "OPENID_CONNECT",
            "status": "ACTIVE",
            "timeouts": null,
            "token_endpoint_auth_method": "client_secret_basic",
            "tos_uri": "",
            "type": "web",
            "user_name_template": "${source.login}",
            "user_name_template_push_status": "",
            "user_name_template_suffix": "",
            "user_name_template_type": "BUILT_IN",
            "wildcard_redirect": "DISABLED"
          },
          "sensitive_attributes": [
            [
              {
                "type": "get_attr",
                "value": "client_basic_secret"
              }
            ],
            [
              {
                "type": "get_attr",
                "value": "client_secret"
              }
            ]
          ],
          "identity_schema_version": 0,
          "private": "eyJlMmJmYjczMC1lY2FhLTExZTYtOGY4OC0zNDM2M2JjN2M0YzAiOnsiY3JlYXRlIjozNjAwMDAwMDAwMDAwLCJyZWFkIjozNjAwMDAwMDAwMDAwLCJ1cGRhdGUiOjM2MDAwMDAwMDAwMDB9fQ=="
        }
      ]
    },
    {
      "module": "module.oidc_apps[\"webapp456\"]",
      "mode": "managed",
      "type": "okta_app_oauth",
      "name": "this",
      "provider": "provider[\"registry.terraform.io/okta/okta\"]",
      "instances": [
        {
          "schema_version": 0,
          "attributes": {
            "accessibility_error_redirect_url": "",
            "accessibility_login_redirect_url": "",
            "accessibility_self_service": false,
            "admin_note": "",
            "app_links_json": null,
            "app_settings_json": "{\"app\":{},\"manualProvisioning\":false}",
            "authentication_policy": null,
            "auto_key_rotation": true,
            "auto_submit_toolbar": false,
            "client_basic_secret": null,
            "client_id": "0oaz0yqn0frueJYzV697",
            "client_secret": "_am_SNP7qCO0E7QVmL009fOuhKXZCT_45u23yxV8QM5sp3LNLpnRk-EIeytJPmjK",
            "client_uri": "",
            "consent_method": "REQUIRED",
            "enduser_note": "",
            "frontchannel_logout_session_required": false,
            "frontchannel_logout_uri": "",
            "grant_types": [
              "authorization_code"
            ],
            "groups_claim": [],
            "hide_ios": true,
            "hide_web": true,
            "id": "0oaz0yqn0frueJYzV697",
            "implicit_assignment": false,
            "issuer_mode": "DYNAMIC",
            "jwks": [],
            "jwks_uri": "",
            "label": "webapp456",
            "login_mode": "DISABLED",
            "login_scopes": null,
            "login_uri": "",
            "logo": null,
            "logo_uri": "",
            "logo_url": "",
            "name": "oidc_client",
            "omit_secret": false,
            "participate_slo": false,
            "pkce_required": false,
            "policy_uri": "",
            "post_logout_redirect_uris": [
              "http://localhost:8080"
            ],
            "profile": "",
            "redirect_uris": [
              "http://localhost:8080/authorization-code/callback"
            ],
            "refresh_token_leeway": 0,
            "refresh_token_rotation": "STATIC",
            "response_types": [
              "code"
            ],
            "sign_on_mode": "OPENID_CONNECT",
            "status": "ACTIVE",
            "timeouts": null,
            "token_endpoint_auth_method": "client_secret_basic",
            "tos_uri": "",
            "type": "web",
            "user_name_template": "${source.login}",
            "user_name_template_push_status": "",
            "user_name_template_suffix": "",
            "user_name_template_type": "BUILT_IN",
            "wildcard_redirect": "DISABLED"
          },
          "sensitive_attributes": [
            [
              {
                "type": "get_attr",
                "value": "client_basic_secret"
              }
            ],
            [
              {
                "type": "get_attr",
                "value": "client_secret"
              }
            ]
          ],
          "identity_schema_version": 0,
          "private": "eyJlMmJmYjczMC1lY2FhLTExZTYtOGY4OC0zNDM2M2JjN2M0YzAiOnsiY3JlYXRlIjozNjAwMDAwMDAwMDAwLCJyZWFkIjozNjAwMDAwMDAwMDAwLCJ1cGRhdGUiOjM2MDAwMDAwMDAwMDB9fQ=="
        }
      ]
    },
    {
      "module": "module.saml_apps[\"saml456\"]",
      "mode": "managed",
      "type": "okta_app_saml",
      "name": "this",
      "provider": "provider[\"registry.terraform.io/okta/okta\"]",
      "instances": [
        {
          "schema_version": 0,
          "attributes": {
            "accessibility_error_redirect_url": "",
            "accessibility_login_redirect_url": "",
            "accessibility_self_service": false,
            "acs_endpoints": null,
            "acs_endpoints_indices": [],
            "admin_note": "",
            "app_links_json": "{\"demo-preprod-deployments_saml456_1_link\":true}",
            "app_settings_json": "{}",
            "assertion_signed": true,
            "attribute_statements": [],
            "audience": "https://test.arm.com/metadata/",
            "authentication_policy": "rstz079ityuQddkCb697",
            "authn_context_class_ref": "urn:oasis:names:tc:SAML:2.0:ac:classes:PasswordProtectedTransport",
            "auto_submit_toolbar": false,
            "certificate": "MIIDwDCCAqigAwIBAgIGAZuh3WiMMA0GCSqGSIb3DQEBCwUAMIGgMQswCQYDVQQGEwJVUzETMBEG\nA1UECAwKQ2FsaWZvcm5pYTEWMBQGA1UEBwwNU2FuIEZyYW5jaXNjbzENMAsGA1UECgwET2t0YTEU\nMBIGA1UECwwLU1NPUHJvdmlkZXIxITAfBgNVBAMMGGRlbW8tcHJlcHJvZC1kZXBsb3ltZW50czEc\nMBoGCSqGSIb3DQEJARYNaW5mb0Bva3RhLmNvbTAeFw0yNjAxMDkwODI1NDBaFw0zNjAxMDkwODI2\nNDBaMIGgMQswCQYDVQQGEwJVUzETMBEGA1UECAwKQ2FsaWZvcm5pYTEWMBQGA1UEBwwNU2FuIEZy\nYW5jaXNjbzENMAsGA1UECgwET2t0YTEUMBIGA1UECwwLU1NPUHJvdmlkZXIxITAfBgNVBAMMGGRl\nbW8tcHJlcHJvZC1kZXBsb3ltZW50czEcMBoGCSqGSIb3DQEJARYNaW5mb0Bva3RhLmNvbTCCASIw\nDQYJKoZIhvcNAQEBBQADggEPADCCAQoCggEBALGMDthrCgYXz26vrG1lJoiCj9k266hmYR5f7nZz\nv2Fmx+8cyOmRDjUwvFqOSi6wqugrBCdp4NSPok1SKheWLYkFfa2e9wXmgzvp1YxdUE2EHixKe2jR\nfzNgVdN82x8wpKWPvZW7Pgoue1P5dbfQBJRoTQHAzgStV3/pc43XFC+aruUC4ZG5tiyt09XP8oad\njXpEaABwwtSCYHrzalnV8rSGQnf5zRmj5A1zzLqhcprb3SzoSOcEgZbGvqS1EhCHJFBy8aUYr7mi\nJERMsUtt7O/6tyE0dUdQ/zpoXnq37g1Dtt5SlHW0nsLMiA4kVExWquIBwPA+ELuK1Deru2B1w4EC\nAwEAATANBgkqhkiG9w0BAQsFAAOCAQEAoykH2/0tELQR8dcYGZse3smi1nMqV2q9Y6x+MB8mSA+R\nSnUrUS+RBXqCjzJ07Ldmhgd1CtjE17FWl7fRxIslhfE8r//Xt8qKqltpmYAT9Bq5IH+9nkWFXAmy\nx/+0jRFfPEtVOl0rNZHc7R5GYKXObMNCI/wJud5xnckjrb8UfW1eV9H2hMztDgD3au63UVK3q4iy\n8O2CiBW+8znnZOIEPH6AZvoEPfrrn4RrW01hIZ2s2mrpZPZcSZtra07LGLzpPePPs+qVOeYXbIUS\nvGURYRsIxCVtC5JJutlP3i1pPLfvg2Y2AY3WerYvcFBdvqazX6F+Efjnhg9sKTgkKKoAag==",
            "default_relay_state": "",
            "destination": "https://test.arm.com/api/auth/login/acs/",
            "digest_algorithm": "SHA256",
            "embed_url": "https://demo-preprod-deployments.okta.com/home/demo-preprod-deployments_saml456_1/0oaz0yhautKJSRQsB697/alnz0yztrvChqII62697",
            "enduser_note": "",
            "entity_key": "exkz0yhausLhaDwut697",
            "entity_url": "http://www.okta.com/exkz0yhausLhaDwut697",
            "features": [],
            "hide_ios": false,
            "hide_web": false,
            "honor_force_authn": true,
            "http_post_binding": "https://demo-preprod-deployments.okta.com/app/demo-preprod-deployments_saml456_1/exkz0yhausLhaDwut697/sso/saml",
            "http_redirect_binding": "https://demo-preprod-deployments.okta.com/app/demo-preprod-deployments_saml456_1/exkz0yhausLhaDwut697/sso/saml",
            "id": "0oaz0yhautKJSRQsB697",
            "idp_issuer": "http://www.okta.com/${org.externalKey}",
            "implicit_assignment": false,
            "inline_hook_id": null,
            "key_id": "CHkuxJD8RhoPj3-XnMo8X6G_65rkMGEp-O3OreX5x-8",
            "key_name": null,
            "key_years_valid": null,
            "keys": [
              {
                "created": "2026-01-09 08:26:40 +0000 UTC",
                "e": "AQAB",
                "expires_at": "2036-01-09 08:26:40 +0000 UTC",
                "kid": "CHkuxJD8RhoPj3-XnMo8X6G_65rkMGEp-O3OreX5x-8",
                "kty": "RSA",
                "last_updated": "2026-01-09 08:26:40 +0000 UTC",
                "n": "sYwO2GsKBhfPbq-sbWUmiIKP2TbrqGZhHl_udnO_YWbH7xzI6ZEONTC8Wo5KLrCq6CsEJ2ng1I-iTVIqF5YtiQV9rZ73BeaDO-nVjF1QTYQeLEp7aNF_M2BV03zbHzCkpY-9lbs-Ci57U_l1t9AElGhNAcDOBK1Xf-lzjdcUL5qu5QLhkbm2LK3T1c_yhp2NekRoAHDC1IJgevNqWdXytIZCd_nNGaPkDXPMuqFymtvdLOhI5wSBlsa-pLUSEIckUHLxpRivuaIkREyxS23s7_q3ITR1R1D_OmheerfuDUO23lKUdbSewsyIDiRUTFaq4gHA8D4Qu4rUN6u7YHXDgQ",
                "use": "sig",
                "x5c": [
                  "MIIDwDCCAqigAwIBAgIGAZuh3WiMMA0GCSqGSIb3DQEBCwUAMIGgMQswCQYDVQQGEwJVUzETMBEGA1UECAwKQ2FsaWZvcm5pYTEWMBQGA1UEBwwNU2FuIEZyYW5jaXNjbzENMAsGA1UECgwET2t0YTEUMBIGA1UECwwLU1NPUHJvdmlkZXIxITAfBgNVBAMMGGRlbW8tcHJlcHJvZC1kZXBsb3ltZW50czEcMBoGCSqGSIb3DQEJARYNaW5mb0Bva3RhLmNvbTAeFw0yNjAxMDkwODI1NDBaFw0zNjAxMDkwODI2NDBaMIGgMQswCQYDVQQGEwJVUzETMBEGA1UECAwKQ2FsaWZvcm5pYTEWMBQGA1UEBwwNU2FuIEZyYW5jaXNjbzENMAsGA1UECgwET2t0YTEUMBIGA1UECwwLU1NPUHJvdmlkZXIxITAfBgNVBAMMGGRlbW8tcHJlcHJvZC1kZXBsb3ltZW50czEcMBoGCSqGSIb3DQEJARYNaW5mb0Bva3RhLmNvbTCCASIwDQYJKoZIhvcNAQEBBQADggEPADCCAQoCggEBALGMDthrCgYXz26vrG1lJoiCj9k266hmYR5f7nZzv2Fmx+8cyOmRDjUwvFqOSi6wqugrBCdp4NSPok1SKheWLYkFfa2e9wXmgzvp1YxdUE2EHixKe2jRfzNgVdN82x8wpKWPvZW7Pgoue1P5dbfQBJRoTQHAzgStV3/pc43XFC+aruUC4ZG5tiyt09XP8oadjXpEaABwwtSCYHrzalnV8rSGQnf5zRmj5A1zzLqhcprb3SzoSOcEgZbGvqS1EhCHJFBy8aUYr7miJERMsUtt7O/6tyE0dUdQ/zpoXnq37g1Dtt5SlHW0nsLMiA4kVExWquIBwPA+ELuK1Deru2B1w4ECAwEAATANBgkqhkiG9w0BAQsFAAOCAQEAoykH2/0tELQR8dcYGZse3smi1nMqV2q9Y6x+MB8mSA+RSnUrUS+RBXqCjzJ07Ldmhgd1CtjE17FWl7fRxIslhfE8r//Xt8qKqltpmYAT9Bq5IH+9nkWFXAmyx/+0jRFfPEtVOl0rNZHc7R5GYKXObMNCI/wJud5xnckjrb8UfW1eV9H2hMztDgD3au63UVK3q4iy8O2CiBW+8znnZOIEPH6AZvoEPfrrn4RrW01hIZ2s2mrpZPZcSZtra07LGLzpPePPs+qVOeYXbIUSvGURYRsIxCVtC5JJutlP3i1pPLfvg2Y2AY3WerYvcFBdvqazX6F+Efjnhg9sKTgkKKoAag=="
                ],
                "x5t_s256": "xGA_s1LOj7Iyo9oWaJjKzIp3oJenFvS2hRTpLs2fFvM"
              }
            ],
            "label": "saml456",
            "logo": null,
            "logo_url": "https://ok14static.oktacdn.com/assets/img/logos/default.6770228fb0dab49a1695ef440a5279bb.png",
            "metadata": "\u003c?xml version=\"1.0\" encoding=\"UTF-8\"?\u003e\u003cmd:EntityDescriptor entityID=\"http://www.okta.com/exkz0yhausLhaDwut697\" xmlns:md=\"urn:oasis:names:tc:SAML:2.0:metadata\"\u003e\u003cmd:IDPSSODescriptor WantAuthnRequestsSigned=\"false\" protocolSupportEnumeration=\"urn:oasis:names:tc:SAML:2.0:protocol\"\u003e\u003cmd:KeyDescriptor use=\"signing\"\u003e\u003cds:KeyInfo xmlns:ds=\"http://www.w3.org/2000/09/xmldsig#\"\u003e\u003cds:X509Data\u003e\u003cds:X509Certificate\u003eMIIDwDCCAqigAwIBAgIGAZuh3WiMMA0GCSqGSIb3DQEBCwUAMIGgMQswCQYDVQQGEwJVUzETMBEG\nA1UECAwKQ2FsaWZvcm5pYTEWMBQGA1UEBwwNU2FuIEZyYW5jaXNjbzENMAsGA1UECgwET2t0YTEU\nMBIGA1UECwwLU1NPUHJvdmlkZXIxITAfBgNVBAMMGGRlbW8tcHJlcHJvZC1kZXBsb3ltZW50czEc\nMBoGCSqGSIb3DQEJARYNaW5mb0Bva3RhLmNvbTAeFw0yNjAxMDkwODI1NDBaFw0zNjAxMDkwODI2\nNDBaMIGgMQswCQYDVQQGEwJVUzETMBEGA1UECAwKQ2FsaWZvcm5pYTEWMBQGA1UEBwwNU2FuIEZy\nYW5jaXNjbzENMAsGA1UECgwET2t0YTEUMBIGA1UECwwLU1NPUHJvdmlkZXIxITAfBgNVBAMMGGRl\nbW8tcHJlcHJvZC1kZXBsb3ltZW50czEcMBoGCSqGSIb3DQEJARYNaW5mb0Bva3RhLmNvbTCCASIw\nDQYJKoZIhvcNAQEBBQADggEPADCCAQoCggEBALGMDthrCgYXz26vrG1lJoiCj9k266hmYR5f7nZz\nv2Fmx+8cyOmRDjUwvFqOSi6wqugrBCdp4NSPok1SKheWLYkFfa2e9wXmgzvp1YxdUE2EHixKe2jR\nfzNgVdN82x8wpKWPvZW7Pgoue1P5dbfQBJRoTQHAzgStV3/pc43XFC+aruUC4ZG5tiyt09XP8oad\njXpEaABwwtSCYHrzalnV8rSGQnf5zRmj5A1zzLqhcprb3SzoSOcEgZbGvqS1EhCHJFBy8aUYr7mi\nJERMsUtt7O/6tyE0dUdQ/zpoXnq37g1Dtt5SlHW0nsLMiA4kVExWquIBwPA+ELuK1Deru2B1w4EC\nAwEAATANBgkqhkiG9w0BAQsFAAOCAQEAoykH2/0tELQR8dcYGZse3smi1nMqV2q9Y6x+MB8mSA+R\nSnUrUS+RBXqCjzJ07Ldmhgd1CtjE17FWl7fRxIslhfE8r//Xt8qKqltpmYAT9Bq5IH+9nkWFXAmy\nx/+0jRFfPEtVOl0rNZHc7R5GYKXObMNCI/wJud5xnckjrb8UfW1eV9H2hMztDgD3au63UVK3q4iy\n8O2CiBW+8znnZOIEPH6AZvoEPfrrn4RrW01hIZ2s2mrpZPZcSZtra07LGLzpPePPs+qVOeYXbIUS\nvGURYRsIxCVtC5JJutlP3i1pPLfvg2Y2AY3WerYvcFBdvqazX6F+Efjnhg9sKTgkKKoAag==\u003c/ds:X509Certificate\u003e\u003c/ds:X509Data\u003e\u003c/ds:KeyInfo\u003e\u003c/md:KeyDescriptor\u003e\u003cmd:NameIDFormat\u003eurn:oasis:names:tc:SAML:1.1:nameid-format:unspecified\u003c/md:NameIDFormat\u003e\u003cmd:NameIDFormat\u003eurn:oasis:names:tc:SAML:1.1:nameid-format:emailAddress\u003c/md:NameIDFormat\u003e\u003cmd:SingleSignOnService Binding=\"urn:oasis:names:tc:SAML:2.0:bindings:HTTP-POST\" Location=\"https://demo-preprod-deployments.okta.com/app/demo-preprod-deployments_saml456_1/exkz0yhausLhaDwut697/sso/saml\"/\u003e\u003cmd:SingleSignOnService Binding=\"urn:oasis:names:tc:SAML:2.0:bindings:HTTP-Redirect\" Location=\"https://demo-preprod-deployments.okta.com/app/demo-preprod-deployments_saml456_1/exkz0yhausLhaDwut697/sso/saml\"/\u003e\u003c/md:IDPSSODescriptor\u003e\u003c/md:EntityDescriptor\u003e",
            "metadata_url": "https://demo-preprod-deployments.okta.com/api/v1/apps/0oaz0yhautKJSRQsB697/sso/saml/metadata",
            "name": "demo-preprod-deployments_saml456_1",
            "preconfigured_app": "demo-preprod-deployments_saml456_1",
            "recipient": "https://test.arm.com/api/auth/login/acs/",
            "request_compressed": null,
            "response_signed": true,
            "saml_signed_request_enabled": false,
            "saml_version": "2.0",
            "sign_on_mode": "SAML_2_0",
            "signature_algorithm": "RSA_SHA256",
            "single_logout_certificate": null,
            "single_logout_issuer": null,
            "single_logout_url": null,
            "sp_issuer": null,
            "sso_url": "https://test.arm.com/api/auth/login/acs/",
            "status": "ACTIVE",
            "subject_name_id_format": "urn:oasis:names:tc:SAML:1.1:nameid-format:unspecified",
            "subject_name_id_template": "${user.userName}",
            "timeouts": null,
            "user_name_template": "${source.login}",
            "user_name_template_push_status": "",
            "user_name_template_suffix": "",
            "user_name_template_type": "BUILT_IN"
          },
          "sensitive_attributes": [],
          "identity_schema_version": 0,
          "private": "eyJlMmJmYjczMC1lY2FhLTExZTYtOGY4OC0zNDM2M2JjN2M0YzAiOnsiY3JlYXRlIjozNjAwMDAwMDAwMDAwLCJyZWFkIjozNjAwMDAwMDAwMDAwLCJ1cGRhdGUiOjM2MDAwMDAwMDAwMDB9fQ=="
        }
      ]
    },
    {
      "module": "module.saml_apps[\"samlapp123\"]",
      "mode": "managed",
      "type": "okta_app_saml",
      "name": "this",
      "provider": "provider[\"registry.terraform.io/okta/okta\"]",
      "instances": [
        {
          "schema_version": 0,
          "attributes": {
            "accessibility_error_redirect_url": "",
            "accessibility_login_redirect_url": "",
            "accessibility_self_service": false,
            "acs_endpoints": null,
            "acs_endpoints_indices": [],
            "admin_note": "",
            "app_links_json": "{\"demo-preprod-deployments_samlapp123_1_link\":true}",
            "app_settings_json": "{}",
            "assertion_signed": true,
            "attribute_statements": [],
            "audience": "https://auth.akeyless.io/saml/metadata",
            "authentication_policy": "rstz079ityuQddkCb697",
            "authn_context_class_ref": "urn:oasis:names:tc:SAML:2.0:ac:classes:PasswordProtectedTransport",
            "auto_submit_toolbar": false,
            "certificate": "MIIDwDCCAqigAwIBAgIGAZuh1ELIMA0GCSqGSIb3DQEBCwUAMIGgMQswCQYDVQQGEwJVUzETMBEG\nA1UECAwKQ2FsaWZvcm5pYTEWMBQGA1UEBwwNU2FuIEZyYW5jaXNjbzENMAsGA1UECgwET2t0YTEU\nMBIGA1UECwwLU1NPUHJvdmlkZXIxITAfBgNVBAMMGGRlbW8tcHJlcHJvZC1kZXBsb3ltZW50czEc\nMBoGCSqGSIb3DQEJARYNaW5mb0Bva3RhLmNvbTAeFw0yNjAxMDkwODE1NDFaFw0zNjAxMDkwODE2\nNDFaMIGgMQswCQYDVQQGEwJVUzETMBEGA1UECAwKQ2FsaWZvcm5pYTEWMBQGA1UEBwwNU2FuIEZy\nYW5jaXNjbzENMAsGA1UECgwET2t0YTEUMBIGA1UECwwLU1NPUHJvdmlkZXIxITAfBgNVBAMMGGRl\nbW8tcHJlcHJvZC1kZXBsb3ltZW50czEcMBoGCSqGSIb3DQEJARYNaW5mb0Bva3RhLmNvbTCCASIw\nDQYJKoZIhvcNAQEBBQADggEPADCCAQoCggEBAN6Ghrxh9N3oIRJMWsw4MsCN7NbOaCYskV00G0a0\nP068Vexe3a0y0NoTxVJVUQDY30zcMbenkhwSuhYKxGaLR2Qpl+CtxgVKah3DrfOctPZhoKwbfeSU\noI5pRuK4SbNhhaZO59MWNhN7TC0KMXMxWeH9EEsz1w4ufMByeiHzWYcLkPshxEKTlEAznrl1jE5r\nqSaAaWtuEAp1xyMVVPfWhwtL+fWWJjYEMUnpS1FOO/cDOYFJ7gKM9ynvsjLxe47VhBsC3wHLpolW\nJPFDuMkxn+0aDZ0ViMHm7uD/7kQqgvd2ZfPMgF1AZ3vXz4vYzlpFoLR1oqODEBybFoGihQFXmZMC\nAwEAATANBgkqhkiG9w0BAQsFAAOCAQEAN3t78Zzv25OKpL2Gnr+s+otonO1LlzkK4Mqwbho1IUbU\nhWiM3qaE9E3rE9CkGo2EsvvjYTHpJeWOPxMjemD/TVX2C9HS5Lj2VMPGPHFGpnHoYjk+7QZ0h83+\n1OXhQeFGcI6q+I59MriLVo5vnWHo4urtygnl2kuCgLArKjTcQuoaRpn7oWBQTf6kjHSZQXaDfK47\nhoB8WW1dPlMxjXoFG2dLzRQn3FdW4KrN7Tt19huLYd6AXlj0Lhj7JMWkz1n1eWLvtARd2HtiQQeP\nS2jm+8XONVyW2KtLzkzvQp3aKUOQsp3Rq1Ways472GjfojQZf/4P4RGmNLxQ0sfxVcTRwQ==",
            "default_relay_state": "",
            "destination": "https://auth.akeyless.io/saml/acs",
            "digest_algorithm": "SHA256",
            "embed_url": "https://demo-preprod-deployments.okta.com/home/demo-preprod-deployments_samlapp123_1/0oaz0ybp89ALDrGx4697/alnz0ysawjf3ndQu5697",
            "enduser_note": "",
            "entity_key": "exkz0ybp88I6aL6Gs697",
            "entity_url": "http://www.okta.com/exkz0ybp88I6aL6Gs697",
            "features": [],
            "hide_ios": false,
            "hide_web": false,
            "honor_force_authn": true,
            "http_post_binding": "https://demo-preprod-deployments.okta.com/app/demo-preprod-deployments_samlapp123_1/exkz0ybp88I6aL6Gs697/sso/saml",
            "http_redirect_binding": "https://demo-preprod-deployments.okta.com/app/demo-preprod-deployments_samlapp123_1/exkz0ybp88I6aL6Gs697/sso/saml",
            "id": "0oaz0ybp89ALDrGx4697",
            "idp_issuer": "http://www.okta.com/${org.externalKey}",
            "implicit_assignment": false,
            "inline_hook_id": null,
            "key_id": "EE4IrwjTzkdb-O3SZUcs1aCI9bw1Hfby7p1SrG_0qbY",
            "key_name": null,
            "key_years_valid": null,
            "keys": [
              {
                "created": "2026-01-09 08:16:41 +0000 UTC",
                "e": "AQAB",
                "expires_at": "2036-01-09 08:16:41 +0000 UTC",
                "kid": "EE4IrwjTzkdb-O3SZUcs1aCI9bw1Hfby7p1SrG_0qbY",
                "kty": "RSA",
                "last_updated": "2026-01-09 08:16:41 +0000 UTC",
                "n": "3oaGvGH03eghEkxazDgywI3s1s5oJiyRXTQbRrQ_TrxV7F7drTLQ2hPFUlVRANjfTNwxt6eSHBK6FgrEZotHZCmX4K3GBUpqHcOt85y09mGgrBt95JSgjmlG4rhJs2GFpk7n0xY2E3tMLQoxczFZ4f0QSzPXDi58wHJ6IfNZhwuQ-yHEQpOUQDOeuXWMTmupJoBpa24QCnXHIxVU99aHC0v59ZYmNgQxSelLUU479wM5gUnuAoz3Ke-yMvF7jtWEGwLfAcumiVYk8UO4yTGf7RoNnRWIwebu4P_uRCqC93Zl88yAXUBne9fPi9jOWkWgtHWio4MQHJsWgaKFAVeZkw",
                "use": "sig",
                "x5c": [
                  "MIIDwDCCAqigAwIBAgIGAZuh1ELIMA0GCSqGSIb3DQEBCwUAMIGgMQswCQYDVQQGEwJVUzETMBEGA1UECAwKQ2FsaWZvcm5pYTEWMBQGA1UEBwwNU2FuIEZyYW5jaXNjbzENMAsGA1UECgwET2t0YTEUMBIGA1UECwwLU1NPUHJvdmlkZXIxITAfBgNVBAMMGGRlbW8tcHJlcHJvZC1kZXBsb3ltZW50czEcMBoGCSqGSIb3DQEJARYNaW5mb0Bva3RhLmNvbTAeFw0yNjAxMDkwODE1NDFaFw0zNjAxMDkwODE2NDFaMIGgMQswCQYDVQQGEwJVUzETMBEGA1UECAwKQ2FsaWZvcm5pYTEWMBQGA1UEBwwNU2FuIEZyYW5jaXNjbzENMAsGA1UECgwET2t0YTEUMBIGA1UECwwLU1NPUHJvdmlkZXIxITAfBgNVBAMMGGRlbW8tcHJlcHJvZC1kZXBsb3ltZW50czEcMBoGCSqGSIb3DQEJARYNaW5mb0Bva3RhLmNvbTCCASIwDQYJKoZIhvcNAQEBBQADggEPADCCAQoCggEBAN6Ghrxh9N3oIRJMWsw4MsCN7NbOaCYskV00G0a0P068Vexe3a0y0NoTxVJVUQDY30zcMbenkhwSuhYKxGaLR2Qpl+CtxgVKah3DrfOctPZhoKwbfeSUoI5pRuK4SbNhhaZO59MWNhN7TC0KMXMxWeH9EEsz1w4ufMByeiHzWYcLkPshxEKTlEAznrl1jE5rqSaAaWtuEAp1xyMVVPfWhwtL+fWWJjYEMUnpS1FOO/cDOYFJ7gKM9ynvsjLxe47VhBsC3wHLpolWJPFDuMkxn+0aDZ0ViMHm7uD/7kQqgvd2ZfPMgF1AZ3vXz4vYzlpFoLR1oqODEBybFoGihQFXmZMCAwEAATANBgkqhkiG9w0BAQsFAAOCAQEAN3t78Zzv25OKpL2Gnr+s+otonO1LlzkK4Mqwbho1IUbUhWiM3qaE9E3rE9CkGo2EsvvjYTHpJeWOPxMjemD/TVX2C9HS5Lj2VMPGPHFGpnHoYjk+7QZ0h83+1OXhQeFGcI6q+I59MriLVo5vnWHo4urtygnl2kuCgLArKjTcQuoaRpn7oWBQTf6kjHSZQXaDfK47hoB8WW1dPlMxjXoFG2dLzRQn3FdW4KrN7Tt19huLYd6AXlj0Lhj7JMWkz1n1eWLvtARd2HtiQQePS2jm+8XONVyW2KtLzkzvQp3aKUOQsp3Rq1Ways472GjfojQZf/4P4RGmNLxQ0sfxVcTRwQ=="
                ],
                "x5t_s256": "Gs7_wr0p_MWAmXh8ggrgjqjqiBK04sELsFCU1O_bq1s"
              }
            ],
            "label": "samlapp123",
            "logo": null,
            "logo_url": "https://ok14static.oktacdn.com/assets/img/logos/default.6770228fb0dab49a1695ef440a5279bb.png",
            "metadata": "\u003c?xml version=\"1.0\" encoding=\"UTF-8\"?\u003e\u003cmd:EntityDescriptor entityID=\"http://www.okta.com/exkz0ybp88I6aL6Gs697\" xmlns:md=\"urn:oasis:names:tc:SAML:2.0:metadata\"\u003e\u003cmd:IDPSSODescriptor WantAuthnRequestsSigned=\"false\" protocolSupportEnumeration=\"urn:oasis:names:tc:SAML:2.0:protocol\"\u003e\u003cmd:KeyDescriptor use=\"signing\"\u003e\u003cds:KeyInfo xmlns:ds=\"http://www.w3.org/2000/09/xmldsig#\"\u003e\u003cds:X509Data\u003e\u003cds:X509Certificate\u003eMIIDwDCCAqigAwIBAgIGAZuh1ELIMA0GCSqGSIb3DQEBCwUAMIGgMQswCQYDVQQGEwJVUzETMBEG\nA1UECAwKQ2FsaWZvcm5pYTEWMBQGA1UEBwwNU2FuIEZyYW5jaXNjbzENMAsGA1UECgwET2t0YTEU\nMBIGA1UECwwLU1NPUHJvdmlkZXIxITAfBgNVBAMMGGRlbW8tcHJlcHJvZC1kZXBsb3ltZW50czEc\nMBoGCSqGSIb3DQEJARYNaW5mb0Bva3RhLmNvbTAeFw0yNjAxMDkwODE1NDFaFw0zNjAxMDkwODE2\nNDFaMIGgMQswCQYDVQQGEwJVUzETMBEGA1UECAwKQ2FsaWZvcm5pYTEWMBQGA1UEBwwNU2FuIEZy\nYW5jaXNjbzENMAsGA1UECgwET2t0YTEUMBIGA1UECwwLU1NPUHJvdmlkZXIxITAfBgNVBAMMGGRl\nbW8tcHJlcHJvZC1kZXBsb3ltZW50czEcMBoGCSqGSIb3DQEJARYNaW5mb0Bva3RhLmNvbTCCASIw\nDQYJKoZIhvcNAQEBBQADggEPADCCAQoCggEBAN6Ghrxh9N3oIRJMWsw4MsCN7NbOaCYskV00G0a0\nP068Vexe3a0y0NoTxVJVUQDY30zcMbenkhwSuhYKxGaLR2Qpl+CtxgVKah3DrfOctPZhoKwbfeSU\noI5pRuK4SbNhhaZO59MWNhN7TC0KMXMxWeH9EEsz1w4ufMByeiHzWYcLkPshxEKTlEAznrl1jE5r\nqSaAaWtuEAp1xyMVVPfWhwtL+fWWJjYEMUnpS1FOO/cDOYFJ7gKM9ynvsjLxe47VhBsC3wHLpolW\nJPFDuMkxn+0aDZ0ViMHm7uD/7kQqgvd2ZfPMgF1AZ3vXz4vYzlpFoLR1oqODEBybFoGihQFXmZMC\nAwEAATANBgkqhkiG9w0BAQsFAAOCAQEAN3t78Zzv25OKpL2Gnr+s+otonO1LlzkK4Mqwbho1IUbU\nhWiM3qaE9E3rE9CkGo2EsvvjYTHpJeWOPxMjemD/TVX2C9HS5Lj2VMPGPHFGpnHoYjk+7QZ0h83+\n1OXhQeFGcI6q+I59MriLVo5vnWHo4urtygnl2kuCgLArKjTcQuoaRpn7oWBQTf6kjHSZQXaDfK47\nhoB8WW1dPlMxjXoFG2dLzRQn3FdW4KrN7Tt19huLYd6AXlj0Lhj7JMWkz1n1eWLvtARd2HtiQQeP\nS2jm+8XONVyW2KtLzkzvQp3aKUOQsp3Rq1Ways472GjfojQZf/4P4RGmNLxQ0sfxVcTRwQ==\u003c/ds:X509Certificate\u003e\u003c/ds:X509Data\u003e\u003c/ds:KeyInfo\u003e\u003c/md:KeyDescriptor\u003e\u003cmd:NameIDFormat\u003eurn:oasis:names:tc:SAML:1.1:nameid-format:unspecified\u003c/md:NameIDFormat\u003e\u003cmd:NameIDFormat\u003eurn:oasis:names:tc:SAML:1.1:nameid-format:emailAddress\u003c/md:NameIDFormat\u003e\u003cmd:SingleSignOnService Binding=\"urn:oasis:names:tc:SAML:2.0:bindings:HTTP-POST\" Location=\"https://demo-preprod-deployments.okta.com/app/demo-preprod-deployments_samlapp123_1/exkz0ybp88I6aL6Gs697/sso/saml\"/\u003e\u003cmd:SingleSignOnService Binding=\"urn:oasis:names:tc:SAML:2.0:bindings:HTTP-Redirect\" Location=\"https://demo-preprod-deployments.okta.com/app/demo-preprod-deployments_samlapp123_1/exkz0ybp88I6aL6Gs697/sso/saml\"/\u003e\u003c/md:IDPSSODescriptor\u003e\u003c/md:EntityDescriptor\u003e",
            "metadata_url": "https://demo-preprod-deployments.okta.com/api/v1/apps/0oaz0ybp89ALDrGx4697/sso/saml/metadata",
            "name": "demo-preprod-deployments_samlapp123_1",
            "preconfigured_app": "demo-preprod-deployments_samlapp123_1",
            "recipient": "https://auth.akeyless.io/saml/acs",
            "request_compressed": null,
            "response_signed": true,
            "saml_signed_request_enabled": false,
            "saml_version": "2.0",
            "sign_on_mode": "SAML_2_0",
            "signature_algorithm": "RSA_SHA256",
            "single_logout_certificate": null,
            "single_logout_issuer": null,
            "single_logout_url": null,
            "sp_issuer": null,
            "sso_url": "https://auth.akeyless.io/saml/acs",
            "status": "ACTIVE",
            "subject_name_id_format": "urn:oasis:names:tc:SAML:1.1:nameid-format:unspecified",
            "subject_name_id_template": "${user.userName}",
            "timeouts": null,
            "user_name_template": "${source.login}",
            "user_name_template_push_status": "",
            "user_name_template_suffix": "",
            "user_name_template_type": "BUILT_IN"
          },
          "sensitive_attributes": [],
          "identity_schema_version": 0,
          "private": "eyJlMmJmYjczMC1lY2FhLTExZTYtOGY4OC0zNDM2M2JjN2M0YzAiOnsiY3JlYXRlIjozNjAwMDAwMDAwMDAwLCJyZWFkIjozNjAwMDAwMDAwMDAwLCJ1cGRhdGUiOjM2MDAwMDAwMDAwMDB9fQ=="
        }
      ]
    },
    {
      "module": "module.saml_apps[\"test\"]",
      "mode": "managed",
      "type": "okta_app_saml",
      "name": "this",
      "provider": "provider[\"registry.terraform.io/okta/okta\"]",
      "instances": [
        {
          "schema_version": 0,
          "attributes": {
            "accessibility_error_redirect_url": "",
            "accessibility_login_redirect_url": "",
            "accessibility_self_service": false,
            "acs_endpoints": null,
            "acs_endpoints_indices": [],
            "admin_note": "",
            "app_links_json": "{\"demo-preprod-deployments_test_1_link\":true}",
            "app_settings_json": "{}",
            "assertion_signed": true,
            "attribute_statements": [],
            "audience": "https://test.com",
            "authentication_policy": "rstz079ityuQddkCb697",
            "authn_context_class_ref": "urn:oasis:names:tc:SAML:2.0:ac:classes:PasswordProtectedTransport",
            "auto_submit_toolbar": false,
            "certificate": "MIIDwDCCAqigAwIBAgIGAZuh1EL5MA0GCSqGSIb3DQEBCwUAMIGgMQswCQYDVQQGEwJVUzETMBEG\nA1UECAwKQ2FsaWZvcm5pYTEWMBQGA1UEBwwNU2FuIEZyYW5jaXNjbzENMAsGA1UECgwET2t0YTEU\nMBIGA1UECwwLU1NPUHJvdmlkZXIxITAfBgNVBAMMGGRlbW8tcHJlcHJvZC1kZXBsb3ltZW50czEc\nMBoGCSqGSIb3DQEJARYNaW5mb0Bva3RhLmNvbTAeFw0yNjAxMDkwODE1NDFaFw0zNjAxMDkwODE2\nNDFaMIGgMQswCQYDVQQGEwJVUzETMBEGA1UECAwKQ2FsaWZvcm5pYTEWMBQGA1UEBwwNU2FuIEZy\nYW5jaXNjbzENMAsGA1UECgwET2t0YTEUMBIGA1UECwwLU1NPUHJvdmlkZXIxITAfBgNVBAMMGGRl\nbW8tcHJlcHJvZC1kZXBsb3ltZW50czEcMBoGCSqGSIb3DQEJARYNaW5mb0Bva3RhLmNvbTCCASIw\nDQYJKoZIhvcNAQEBBQADggEPADCCAQoCggEBANPub6rB59+OL7q2fi/CCAevE7d9G0rpHlzIVZb8\nJjFJtdXR+o0jvhU3hoLvHiopfgpJeiikoKbp/SKYFeRZxZkKMqWhAwu62Cl5pmeTWHX5QLTTdZZ2\nG1/ANkdH0RCXYqLrThwF7VSAnU8sLCPAV6Og8YvtoXtsauf8VKXigvxixY+AgNQ5a1WmeRUZrukm\n20SIE5OSX//R7ORJZOVPG4qgtHH5TUu/0Kf1K3BQl7xcQcT+000Wm9smy7F+hvYL43GFRCU4Bute\nkkRtJhYAOm40mmAoCrZXU8tRAsVJOJvpbBDiTEQOMM3+U+QWJkO+bKb93LOBg1wPz+ZRAn2wzicC\nAwEAATANBgkqhkiG9w0BAQsFAAOCAQEAHfTYGe0PyJKk5O4XKRSqKf/cNOD3i3tr19x7S6o6TWP3\nWlvmum2Jjl5BL1/AT58/So2ifakxsNrw3u48kCo2+k00CS9qomgaAu8wEnwhZKbl1R11p7lx5K5d\nIiXuI3W6PjITcNDaS9ioIW+nO1kWAn/UpFYUxH5GavA+jlxZUBkJ1rtImK4Yqp9KuKSoyoElIz0K\npxDHVsvvi3+N5h57Lp8WYr0wnjxLePlTCpIeHe1i0AksM7/WF4wkzEWDvW8plxKD09wRcHuhHCq8\nn+EL66Tyw1BHgXjUmwvFk/6He9uK2k27vvWbxu9+Khp6LAxeGeF0ENynBwL5EvzjZ/U6QA==",
            "default_relay_state": "",
            "destination": "https://test.com",
            "digest_algorithm": "SHA256",
            "embed_url": "https://demo-preprod-deployments.okta.com/home/demo-preprod-deployments_test_1/0oaz0yd3f0R5HIKrh697/alnz0ysawgPj7yUxw697",
            "enduser_note": "",
            "entity_key": "exkz0yd3ezcqjXhPi697",
            "entity_url": "http://www.okta.com/exkz0yd3ezcqjXhPi697",
            "features": [],
            "hide_ios": false,
            "hide_web": false,
            "honor_force_authn": true,
            "http_post_binding": "https://demo-preprod-deployments.okta.com/app/demo-preprod-deployments_test_1/exkz0yd3ezcqjXhPi697/sso/saml",
            "http_redirect_binding": "https://demo-preprod-deployments.okta.com/app/demo-preprod-deployments_test_1/exkz0yd3ezcqjXhPi697/sso/saml",
            "id": "0oaz0yd3f0R5HIKrh697",
            "idp_issuer": "http://www.okta.com/${org.externalKey}",
            "implicit_assignment": false,
            "inline_hook_id": null,
            "key_id": "WUmu9xzgU4DLhXqLSAsuWzqsR1cnDtFQ6or-NagDBO4",
            "key_name": null,
            "key_years_valid": null,
            "keys": [
              {
                "created": "2026-01-09 08:16:41 +0000 UTC",
                "e": "AQAB",
                "expires_at": "2036-01-09 08:16:41 +0000 UTC",
                "kid": "WUmu9xzgU4DLhXqLSAsuWzqsR1cnDtFQ6or-NagDBO4",
                "kty": "RSA",
                "last_updated": "2026-01-09 08:16:41 +0000 UTC",
                "n": "0-5vqsHn344vurZ-L8IIB68Tt30bSukeXMhVlvwmMUm11dH6jSO-FTeGgu8eKil-Ckl6KKSgpun9IpgV5FnFmQoypaEDC7rYKXmmZ5NYdflAtNN1lnYbX8A2R0fREJdioutOHAXtVICdTywsI8BXo6Dxi-2he2xq5_xUpeKC_GLFj4CA1DlrVaZ5FRmu6SbbRIgTk5Jf_9Hs5Elk5U8biqC0cflNS7_Qp_UrcFCXvFxBxP7TTRab2ybLsX6G9gvjcYVEJTgG616SRG0mFgA6bjSaYCgKtldTy1ECxUk4m-lsEOJMRA4wzf5T5BYmQ75spv3cs4GDXA_P5lECfbDOJw",
                "use": "sig",
                "x5c": [
                  "MIIDwDCCAqigAwIBAgIGAZuh1EL5MA0GCSqGSIb3DQEBCwUAMIGgMQswCQYDVQQGEwJVUzETMBEGA1UECAwKQ2FsaWZvcm5pYTEWMBQGA1UEBwwNU2FuIEZyYW5jaXNjbzENMAsGA1UECgwET2t0YTEUMBIGA1UECwwLU1NPUHJvdmlkZXIxITAfBgNVBAMMGGRlbW8tcHJlcHJvZC1kZXBsb3ltZW50czEcMBoGCSqGSIb3DQEJARYNaW5mb0Bva3RhLmNvbTAeFw0yNjAxMDkwODE1NDFaFw0zNjAxMDkwODE2NDFaMIGgMQswCQYDVQQGEwJVUzETMBEGA1UECAwKQ2FsaWZvcm5pYTEWMBQGA1UEBwwNU2FuIEZyYW5jaXNjbzENMAsGA1UECgwET2t0YTEUMBIGA1UECwwLU1NPUHJvdmlkZXIxITAfBgNVBAMMGGRlbW8tcHJlcHJvZC1kZXBsb3ltZW50czEcMBoGCSqGSIb3DQEJARYNaW5mb0Bva3RhLmNvbTCCASIwDQYJKoZIhvcNAQEBBQADggEPADCCAQoCggEBANPub6rB59+OL7q2fi/CCAevE7d9G0rpHlzIVZb8JjFJtdXR+o0jvhU3hoLvHiopfgpJeiikoKbp/SKYFeRZxZkKMqWhAwu62Cl5pmeTWHX5QLTTdZZ2G1/ANkdH0RCXYqLrThwF7VSAnU8sLCPAV6Og8YvtoXtsauf8VKXigvxixY+AgNQ5a1WmeRUZrukm20SIE5OSX//R7ORJZOVPG4qgtHH5TUu/0Kf1K3BQl7xcQcT+000Wm9smy7F+hvYL43GFRCU4ButekkRtJhYAOm40mmAoCrZXU8tRAsVJOJvpbBDiTEQOMM3+U+QWJkO+bKb93LOBg1wPz+ZRAn2wzicCAwEAATANBgkqhkiG9w0BAQsFAAOCAQEAHfTYGe0PyJKk5O4XKRSqKf/cNOD3i3tr19x7S6o6TWP3Wlvmum2Jjl5BL1/AT58/So2ifakxsNrw3u48kCo2+k00CS9qomgaAu8wEnwhZKbl1R11p7lx5K5dIiXuI3W6PjITcNDaS9ioIW+nO1kWAn/UpFYUxH5GavA+jlxZUBkJ1rtImK4Yqp9KuKSoyoElIz0KpxDHVsvvi3+N5h57Lp8WYr0wnjxLePlTCpIeHe1i0AksM7/WF4wkzEWDvW8plxKD09wRcHuhHCq8n+EL66Tyw1BHgXjUmwvFk/6He9uK2k27vvWbxu9+Khp6LAxeGeF0ENynBwL5EvzjZ/U6QA=="
                ],
                "x5t_s256": "r9dgeAUmIVlKXEueoY8OhgSvkVgUjo4M5tuLodxt7sQ"
              }
            ],
            "label": "test",
            "logo": null,
            "logo_url": "https://ok14static.oktacdn.com/assets/img/logos/default.6770228fb0dab49a1695ef440a5279bb.png",
            "metadata": "\u003c?xml version=\"1.0\" encoding=\"UTF-8\"?\u003e\u003cmd:EntityDescriptor entityID=\"http://www.okta.com/exkz0yd3ezcqjXhPi697\" xmlns:md=\"urn:oasis:names:tc:SAML:2.0:metadata\"\u003e\u003cmd:IDPSSODescriptor WantAuthnRequestsSigned=\"false\" protocolSupportEnumeration=\"urn:oasis:names:tc:SAML:2.0:protocol\"\u003e\u003cmd:KeyDescriptor use=\"signing\"\u003e\u003cds:KeyInfo xmlns:ds=\"http://www.w3.org/2000/09/xmldsig#\"\u003e\u003cds:X509Data\u003e\u003cds:X509Certificate\u003eMIIDwDCCAqigAwIBAgIGAZuh1EL5MA0GCSqGSIb3DQEBCwUAMIGgMQswCQYDVQQGEwJVUzETMBEG\nA1UECAwKQ2FsaWZvcm5pYTEWMBQGA1UEBwwNU2FuIEZyYW5jaXNjbzENMAsGA1UECgwET2t0YTEU\nMBIGA1UECwwLU1NPUHJvdmlkZXIxITAfBgNVBAMMGGRlbW8tcHJlcHJvZC1kZXBsb3ltZW50czEc\nMBoGCSqGSIb3DQEJARYNaW5mb0Bva3RhLmNvbTAeFw0yNjAxMDkwODE1NDFaFw0zNjAxMDkwODE2\nNDFaMIGgMQswCQYDVQQGEwJVUzETMBEGA1UECAwKQ2FsaWZvcm5pYTEWMBQGA1UEBwwNU2FuIEZy\nYW5jaXNjbzENMAsGA1UECgwET2t0YTEUMBIGA1UECwwLU1NPUHJvdmlkZXIxITAfBgNVBAMMGGRl\nbW8tcHJlcHJvZC1kZXBsb3ltZW50czEcMBoGCSqGSIb3DQEJARYNaW5mb0Bva3RhLmNvbTCCASIw\nDQYJKoZIhvcNAQEBBQADggEPADCCAQoCggEBANPub6rB59+OL7q2fi/CCAevE7d9G0rpHlzIVZb8\nJjFJtdXR+o0jvhU3hoLvHiopfgpJeiikoKbp/SKYFeRZxZkKMqWhAwu62Cl5pmeTWHX5QLTTdZZ2\nG1/ANkdH0RCXYqLrThwF7VSAnU8sLCPAV6Og8YvtoXtsauf8VKXigvxixY+AgNQ5a1WmeRUZrukm\n20SIE5OSX//R7ORJZOVPG4qgtHH5TUu/0Kf1K3BQl7xcQcT+000Wm9smy7F+hvYL43GFRCU4Bute\nkkRtJhYAOm40mmAoCrZXU8tRAsVJOJvpbBDiTEQOMM3+U+QWJkO+bKb93LOBg1wPz+ZRAn2wzicC\nAwEAATANBgkqhkiG9w0BAQsFAAOCAQEAHfTYGe0PyJKk5O4XKRSqKf/cNOD3i3tr19x7S6o6TWP3\nWlvmum2Jjl5BL1/AT58/So2ifakxsNrw3u48kCo2+k00CS9qomgaAu8wEnwhZKbl1R11p7lx5K5d\nIiXuI3W6PjITcNDaS9ioIW+nO1kWAn/UpFYUxH5GavA+jlxZUBkJ1rtImK4Yqp9KuKSoyoElIz0K\npxDHVsvvi3+N5h57Lp8WYr0wnjxLePlTCpIeHe1i0AksM7/WF4wkzEWDvW8plxKD09wRcHuhHCq8\nn+EL66Tyw1BHgXjUmwvFk/6He9uK2k27vvWbxu9+Khp6LAxeGeF0ENynBwL5EvzjZ/U6QA==\u003c/ds:X509Certificate\u003e\u003c/ds:X509Data\u003e\u003c/ds:KeyInfo\u003e\u003c/md:KeyDescriptor\u003e\u003cmd:NameIDFormat\u003eurn:oasis:names:tc:SAML:1.1:nameid-format:unspecified\u003c/md:NameIDFormat\u003e\u003cmd:NameIDFormat\u003eurn:oasis:names:tc:SAML:1.1:nameid-format:emailAddress\u003c/md:NameIDFormat\u003e\u003cmd:SingleSignOnService Binding=\"urn:oasis:names:tc:SAML:2.0:bindings:HTTP-POST\" Location=\"https://demo-preprod-deployments.okta.com/app/demo-preprod-deployments_test_1/exkz0yd3ezcqjXhPi697/sso/saml\"/\u003e\u003cmd:SingleSignOnService Binding=\"urn:oasis:names:tc:SAML:2.0:bindings:HTTP-Redirect\" Location=\"https://demo-preprod-deployments.okta.com/app/demo-preprod-deployments_test_1/exkz0yd3ezcqjXhPi697/sso/saml\"/\u003e\u003c/md:IDPSSODescriptor\u003e\u003c/md:EntityDescriptor\u003e",
            "metadata_url": "https://demo-preprod-deployments.okta.com/api/v1/apps/0oaz0yd3f0R5HIKrh697/sso/saml/metadata",
            "name": "demo-preprod-deployments_test_1",
            "preconfigured_app": "demo-preprod-deployments_test_1",
            "recipient": "https://test.com",
            "request_compressed": null,
            "response_signed": true,
            "saml_signed_request_enabled": false,
            "saml_version": "2.0",
            "sign_on_mode": "SAML_2_0",
            "signature_algorithm": "RSA_SHA256",
            "single_logout_certificate": null,
            "single_logout_issuer": null,
            "single_logout_url": null,
            "sp_issuer": null,
            "sso_url": "https://test.com",
            "status": "ACTIVE",
            "subject_name_id_format": "urn:oasis:names:tc:SAML:1.1:nameid-format:unspecified",
            "subject_name_id_template": "${user.userName}",
            "timeouts": null,
            "user_name_template": "${source.login}",
            "user_name_template_push_status": "",
            "user_name_template_suffix": "",
            "user_name_template_type": "BUILT_IN"
          },
          "sensitive_attributes": [],
          "identity_schema_version": 0,
          "private": "eyJlMmJmYjczMC1lY2FhLTExZTYtOGY4OC0zNDM2M2JjN2M0YzAiOnsiY3JlYXRlIjozNjAwMDAwMDAwMDAwLCJyZWFkIjozNjAwMDAwMDAwMDAwLCJ1cGRhdGUiOjM2MDAwMDAwMDAwMDB9fQ=="
        }
      ]
    }
  ],
  "check_results": null
}
